
Microsoft Visual Studio Solution File, Format Version 12.00
Project("{FAE04EC0-301F-11D3-BF4B-00C04F79EFBC}") = "UserModule.Domain", "UserModule.Domain\UserModule.Domain.csproj", "{46D2791E-FB16-459D-B390-D596190B2E08}"
EndProject
Project("{FAE04EC0-301F-11D3-BF4B-00C04F79EFBC}") = "UserModule.DataAccess.Interfaces", "UserModule.DataAccess.Interfaces\UserModule.DataAccess.Interfaces.csproj", "{DA4F3337-D5A7-407E-B91E-8EB458218C57}"
EndProject
Project("{FAE04EC0-301F-11D3-BF4B-00C04F79EFBC}") = "UserModule.DataAccess.Implementation", "UserModule.DataAccess.Implementation\UserModule.DataAccess.Implementation.csproj", "{AD4E5FA0-2C37-4CF4-9923-349BBA3598CB}"
EndProject
Project("{FAE04EC0-301F-11D3-BF4B-00C04F79EFBC}") = "UserModule.UseCases.Implementation", "UserModule.UseCases.Implementation\UserModule.UseCases.Implementation.csproj", "{7B6AD929-D63B-49A2-A161-2BAD3513F7FB}"
EndProject
Project("{FAE04EC0-301F-11D3-BF4B-00C04F79EFBC}") = "WorkspaceModule.DataAccess.Interfaces", "WorkspaceModule.DataAccess.Interfaces\WorkspaceModule.DataAccess.Interfaces.csproj", "{7A190D55-CE7B-4E2A-A7B9-4AC1C57D5B37}"
EndProject
Project("{FAE04EC0-301F-11D3-BF4B-00C04F79EFBC}") = "WorkspaceModule.Domain", "WorkspaceModule.Domain\WorkspaceModule.Domain.csproj", "{6479AF90-D753-49AE-A694-0F6CF3BA473E}"
EndProject
Project("{FAE04EC0-301F-11D3-BF4B-00C04F79EFBC}") = "WorkspaceModule.UseCases.Implementation", "WorkspaceModule.UseCases.Implementation\WorkspaceModule.UseCases.Implementation.csproj", "{CBCDA54A-2B03-49BA-80AD-31DAD0CC5A4E}"
EndProject
Project("{FAE04EC0-301F-11D3-BF4B-00C04F79EFBC}") = "WorkspaceModule.DataAccess.Implementation", "WorkspaceModule.DataAccess.Implementation\WorkspaceModule.DataAccess.Implementation.csproj", "{D47C68DB-05F1-46B3-B2D6-62CF57F6CF39}"
EndProject
Project("{FAE04EC0-301F-11D3-BF4B-00C04F79EFBC}") = "SocialNetworkAccountModule.Domain", "SocialNetworkAccountModule.Domain\SocialNetworkAccountModule.Domain.csproj", "{5DE2EC47-5ADB-4B07-AC9C-FFD872FEEC9B}"
EndProject
Project("{FAE04EC0-301F-11D3-BF4B-00C04F79EFBC}") = "SocialNetworkAccountModule.DataAccess.Interfaces", "SocialNetworkAccountModule.DataAccess.Interfaces\SocialNetworkAccountModule.DataAccess.Interfaces.csproj", "{D8740DA2-0778-4ABA-A95F-AF59B35F7EFF}"
EndProject
Project("{FAE04EC0-301F-11D3-BF4B-00C04F79EFBC}") = "SocialNetworkAccountModule.DataAccess.Implementation", "SocialNetworkAccountModule.DataAccess.Implementation\SocialNetworkAccountModule.DataAccess.Implementation.csproj", "{B5C5518F-042B-447C-B231-A1054AC44E7B}"
EndProject
Project("{FAE04EC0-301F-11D3-BF4B-00C04F79EFBC}") = "SocialNetworkAccountModule.UseCases.Implementation", "SocialNetworkAccountModule.UseCases.Implementation\SocialNetworkAccountModule.UseCases.Implementation.csproj", "{6BE0244A-E42D-4564-AD25-864E8304E1EB}"
EndProject
Project("{FAE04EC0-301F-11D3-BF4B-00C04F79EFBC}") = "SocialNodeModule.Domain", "SocialNodeModule.Domain\SocialNodeModule.Domain.csproj", "{11840256-2D9E-4439-A9B2-84D04A25D4F5}"
EndProject
Project("{FAE04EC0-301F-11D3-BF4B-00C04F79EFBC}") = "SocialNodeModule.DataAccess.Interfaces", "SocialNodeModule.DataAccess.Interfaces\SocialNodeModule.DataAccess.Interfaces.csproj", "{B331F8FD-0E37-474F-A11C-0CFDE82D7947}"
EndProject
Project("{FAE04EC0-301F-11D3-BF4B-00C04F79EFBC}") = "SocialNodeModule.DataAccess.Implementation", "SocialNodeModule.DataAccess.Implementation\SocialNodeModule.DataAccess.Implementation.csproj", "{8963A8CA-F424-4EF7-BDC5-41B1FFDF5E5D}"
EndProject
Project("{FAE04EC0-301F-11D3-BF4B-00C04F79EFBC}") = "SocialNodeModule.UseCases.Implementation", "SocialNodeModule.UseCases.Implementation\SocialNodeModule.UseCases.Implementation.csproj", "{814A65BE-4B70-4C0D-82D4-E6D807688A14}"
EndProject
Project("{2150E333-8FDC-42A3-9474-1A3956D46DE8}") = "Modules", "Modules", "{3564D285-9E3B-4986-9F64-13EC220ECAAF}"
EndProject
Project("{2150E333-8FDC-42A3-9474-1A3956D46DE8}") = "UserModule", "UserModule", "{7BA0540E-0B79-418C-9EE9-8C40A7A837E2}"
EndProject
Project("{2150E333-8FDC-42A3-9474-1A3956D46DE8}") = "AuthModule", "AuthModule", "{D763A55A-448D-4E9D-ADD2-9BB37CE15CB1}"
EndProject
Project("{2150E333-8FDC-42A3-9474-1A3956D46DE8}") = "SocialNodeModule", "SocialNodeModule", "{761A1B20-5A1E-4F54-B552-B352014A8A9E}"
EndProject
Project("{2150E333-8FDC-42A3-9474-1A3956D46DE8}") = "TaskModule", "TaskModule", "{2CF8CDE3-213C-4BA0-A501-8F286F81BE02}"
EndProject
Project("{2150E333-8FDC-42A3-9474-1A3956D46DE8}") = "SocialNetworkAccountModule", "SocialNetworkAccountModule", "{D115A6B7-6399-49C3-B271-95FFE8D14B93}"
EndProject
Project("{2150E333-8FDC-42A3-9474-1A3956D46DE8}") = "WorkspaceModule", "WorkspaceModule", "{B4A3E744-5264-403E-88AE-CF6FC252734C}"
EndProject
Project("{2150E333-8FDC-42A3-9474-1A3956D46DE8}") = "NotificationModule", "NotificationModule", "{277F0494-B8AE-444B-BE9B-A8A463DC52B9}"
EndProject
Project("{2150E333-8FDC-42A3-9474-1A3956D46DE8}") = "SubscriptionModule", "SubscriptionModule", "{C910F767-2DF6-4880-927A-B537ED45E5A6}"
EndProject
Project("{FAE04EC0-301F-11D3-BF4B-00C04F79EFBC}") = "AuthModule.UseCases.Implementation", "AuthModule.UseCases.Implementation\AuthModule.UseCases.Implementation.csproj", "{F4E1A17F-DBA6-43EC-B49C-2EAE2EF4149E}"
EndProject
Project("{FAE04EC0-301F-11D3-BF4B-00C04F79EFBC}") = "AuthModule.Domain", "AuthModule.Domain\AuthModule.Domain.csproj", "{AA7E4153-7F6A-4D6B-9DF4-C8FA4F4B78E1}"
EndProject
Project("{2150E333-8FDC-42A3-9474-1A3956D46DE8}") = "Shared", "Shared", "{3D5EDEE8-B2EB-461A-AB38-0C6D26D9EAB5}"
EndProject
Project("{FAE04EC0-301F-11D3-BF4B-00C04F79EFBC}") = "AuthModule.UseCases.Interfaces", "AuthModule.UseCases.Interfaces\AuthModule.UseCases.Interfaces.csproj", "{6F31E2FD-D14F-410B-9D6F-1D9BE98E7962}"
EndProject
Project("{FAE04EC0-301F-11D3-BF4B-00C04F79EFBC}") = "UserModule.UseCases.Interfaces", "UserModule.UseCases.Interfaces\UserModule.UseCases.Interfaces.csproj", "{732739E3-A203-4F29-BD92-C351D95E222A}"
EndProject
Project("{FAE04EC0-301F-11D3-BF4B-00C04F79EFBC}") = "UserModule.Controllers", "UserModule.Controllers\UserModule.Controllers.csproj", "{651431F8-8865-43E3-B6A1-41012C85017F}"
EndProject
Project("{FAE04EC0-301F-11D3-BF4B-00C04F79EFBC}") = "AuthModule.Controllers", "AuthModule.Controllers\AuthModule.Controllers.csproj", "{A36A452A-F2FF-481C-B2AC-A054C961D9DD}"
EndProject
Project("{FAE04EC0-301F-11D3-BF4B-00C04F79EFBC}") = "AuthModule.DataAccess.Implementation", "AuthModule.DataAccess.Implementation\AuthModule.DataAccess.Implementation.csproj", "{3AE4F7AF-FD33-4D33-8207-1068E654D98A}"
EndProject
Project("{FAE04EC0-301F-11D3-BF4B-00C04F79EFBC}") = "SocialNetworkAccountModule.UseCases.Interfaces", "SocialNetworkAccountModule.UseCases.Interfaces\SocialNetworkAccountModule.UseCases.Interfaces.csproj", "{C4660A76-24AD-4584-85C4-FA7188E02A95}"
EndProject
Project("{FAE04EC0-301F-11D3-BF4B-00C04F79EFBC}") = "SocialNetworkAccountModule.Controllers", "SocialNetworkAccountModule.Controllers\SocialNetworkAccountModule.Controllers.csproj", "{AF1AAD6E-E52A-4757-8BFE-96C195CE9E3D}"
EndProject
Project("{FAE04EC0-301F-11D3-BF4B-00C04F79EFBC}") = "SocialNodeModule.UseCases.Interfaces", "SocialNodeModule.UseCases.Interfaces\SocialNodeModule.UseCases.Interfaces.csproj", "{137F5CBE-F477-4F7A-AD8E-1BC717548719}"
EndProject
Project("{FAE04EC0-301F-11D3-BF4B-00C04F79EFBC}") = "SocialNodeModule.Controllers", "SocialNodeModule.Controllers\SocialNodeModule.Controllers.csproj", "{6FBA52DA-ACC0-45ED-95E4-A19CD4F963FC}"
EndProject
Project("{FAE04EC0-301F-11D3-BF4B-00C04F79EFBC}") = "SocialApp.Api", "SocialApp.Api\SocialApp.Api.csproj", "{FCA67586-64B4-4CB5-AC6A-F793BA447BEC}"
EndProject
Project("{FAE04EC0-301F-11D3-BF4B-00C04F79EFBC}") = "Shared.Contracts", "Shared.Contracts\Shared.Contracts.csproj", "{3BED9907-9AF6-4C6D-ABDF-B198B0F9862F}"
EndProject
Project("{FAE04EC0-301F-11D3-BF4B-00C04F79EFBC}") = "Shared.Domain", "Shared.Domain\Shared.Domain.csproj", "{58CC1349-26E6-495C-9FEA-B3C502CFC7B5}"
EndProject
Project("{FAE04EC0-301F-11D3-BF4B-00C04F79EFBC}") = "Shared.Extensions", "Shared.Extensions\Shared.Extensions.csproj", "{1C46D49F-B000-4BD2-A5F5-F2108CD76AE8}"
EndProject
Project("{FAE04EC0-301F-11D3-BF4B-00C04F79EFBC}") = "Shared.DataAccess.Implementation", "Shared.DataAccess.Implementation\Shared.DataAccess.Implementation.csproj", "{E6E29805-1E8E-4261-A302-82B2756DD0C8}"
EndProject
Project("{FAE04EC0-301F-11D3-BF4B-00C04F79EFBC}") = "WorkspaceModule.UseCases.Interfaces", "WorkspaceModule.UseCases.Interfaces\WorkspaceModule.UseCases.Interfaces.csproj", "{FBC82DFB-C12A-4C40-A96C-1E47A73F5271}"
EndProject
Project("{FAE04EC0-301F-11D3-BF4B-00C04F79EFBC}") = "WorkspaceModule.Controllers", "WorkspaceModule.Controllers\WorkspaceModule.Controllers.csproj", "{C8D8295E-9785-4CD4-8558-67FC3B084FF8}"
EndProject
Project("{FAE04EC0-301F-11D3-BF4B-00C04F79EFBC}") = "TaskModule.Domain", "TaskModule.Domain\TaskModule.Domain.csproj", "{ACE5DA00-44A3-4912-B8F1-5A45970EF302}"
EndProject
Project("{FAE04EC0-301F-11D3-BF4B-00C04F79EFBC}") = "TaskModule.UseCases.Implementation", "TaskModule.UseCases.Implementation\TaskModule.UseCases.Implementation.csproj", "{600B84B4-5349-4A8F-B761-6D623EA738EC}"
EndProject
Project("{FAE04EC0-301F-11D3-BF4B-00C04F79EFBC}") = "TaskModule.DataAccess.Interfaces", "TaskModule.DataAccess.Interfaces\TaskModule.DataAccess.Interfaces.csproj", "{4A01C633-A1CA-474A-9BCC-DA0EDBF900CF}"
EndProject
Project("{FAE04EC0-301F-11D3-BF4B-00C04F79EFBC}") = "TaskModule.UseCases.Interfaces", "TaskModule.UseCases.Interfaces\TaskModule.UseCases.Interfaces.csproj", "{7341B05D-BCE4-43CC-8A0F-2D7275738866}"
EndProject
Project("{FAE04EC0-301F-11D3-BF4B-00C04F79EFBC}") = "TaskModule.DataAccess.Implementation", "TaskModule.DataAccess.Implementation\TaskModule.DataAccess.Implementation.csproj", "{071E4183-0926-449A-B7F8-825726B5E5E3}"
EndProject
Project("{FAE04EC0-301F-11D3-BF4B-00C04F79EFBC}") = "TaskModule.Controllers", "TaskModule.Controllers\TaskModule.Controllers.csproj", "{74C3B55B-80DE-4D26-9348-529125B9F4B1}"
EndProject
Project("{2150E333-8FDC-42A3-9474-1A3956D46DE8}") = "EventModule", "EventModule", "{5D4CF7E5-4CB6-491B-B4DE-D33ED6B2EA9C}"
EndProject
Project("{FAE04EC0-301F-11D3-BF4B-00C04F79EFBC}") = "EventModule.Domain", "EventModule.Domain\EventModule.Domain.csproj", "{5F5B2195-774E-405B-8FCA-3208D788B946}"
EndProject
Project("{FAE04EC0-301F-11D3-BF4B-00C04F79EFBC}") = "EventModule.UseCases.Interfaces", "EventModule.UseCases.Interfaces\EventModule.UseCases.Interfaces.csproj", "{BCAAB656-C22E-44B4-AB01-108F68032F03}"
EndProject
Project("{FAE04EC0-301F-11D3-BF4B-00C04F79EFBC}") = "EventModule.DataAccess.Interfaces", "EventModule.DataAccess.Interfaces\EventModule.DataAccess.Interfaces.csproj", "{D366A063-963D-4970-8BFA-79775F30BF5A}"
EndProject
Project("{FAE04EC0-301F-11D3-BF4B-00C04F79EFBC}") = "EventModule.UseCases.Implementation", "EventModule.UseCases.Implementation\EventModule.UseCases.Implementation.csproj", "{F820F0F3-E32B-44B8-A949-070FE50404D9}"
EndProject
Project("{FAE04EC0-301F-11D3-BF4B-00C04F79EFBC}") = "EventModule.Controllers", "EventModule.Controllers\EventModule.Controllers.csproj", "{2C1A968A-1318-42FD-B9BA-43F27BC072C0}"
EndProject
Project("{2150E333-8FDC-42A3-9474-1A3956D46DE8}") = "Solution Items", "Solution Items", "{4192C247-5D53-4AF0-A3D8-2F2F9CCBAF03}"
	ProjectSection(SolutionItems) = preProject
		compose.yaml = compose.yaml
		docker-compose-dev.yaml = docker-compose-dev.yaml
	EndProjectSection
EndProject
Project("{FAE04EC0-301F-11D3-BF4B-00C04F79EFBC}") = "AuthModule.DataAccess.Interfaces", "AuthModule.DataAccess.Interfaces\AuthModule.DataAccess.Interfaces.csproj", "{A1A44B5D-954E-4FD6-90F4-F70151480A40}"
EndProject
Project("{FAE04EC0-301F-11D3-BF4B-00C04F79EFBC}") = "Shared.DataAccess.Interfaces", "Shared.DataAccess.Interfaces\Shared.DataAccess.Interfaces.csproj", "{6FA88C51-64A4-4CD5-8FB9-15FFDDBA63DE}"
EndProject
Project("{FAE04EC0-301F-11D3-BF4B-00C04F79EFBC}") = "EventModule.DataAccess.Implementation", "EventModule.DataAccess.Implementation\EventModule.DataAccess.Implementation.csproj", "{7C10C112-C552-4172-809E-9A479BAEAE9A}"
EndProject
Project("{FAE04EC0-301F-11D3-BF4B-00C04F79EFBC}") = "NotificationModule.Domain", "NotificationModule.Domain\NotificationModule.Domain.csproj", "{F9B0E938-8FB0-4A95-BFAC-93682C01503A}"
EndProject
Project("{FAE04EC0-301F-11D3-BF4B-00C04F79EFBC}") = "NotificationModule.DataAccess.Interfaces", "NotificationModule.DataAccess.Interfaces\NotificationModule.DataAccess.Interfaces.csproj", "{39863308-37AE-4B64-A645-2F5CD48DD3BC}"
EndProject
Project("{FAE04EC0-301F-11D3-BF4B-00C04F79EFBC}") = "NotificationModule.Implementation", "NotificationModule.Implementation\NotificationModule.Implementation.csproj", "{997A83E8-ECA2-42C6-823D-E14FD08B688A}"
EndProject
Project("{FAE04EC0-301F-11D3-BF4B-00C04F79EFBC}") = "NotificationModule.BackgroundJobs", "NotificationModule.BackgroundJobs\NotificationModule.BackgroundJobs.csproj", "{01B89FBB-6545-4B9A-9F30-4ADEB3DD21FA}"
EndProject
Project("{FAE04EC0-301F-11D3-BF4B-00C04F79EFBC}") = "NotificationModule.Controllers", "NotificationModule.Controllers\NotificationModule.Controllers.csproj", "{75397527-3502-430B-A483-E0516C4024B5}"
EndProject
Project("{FAE04EC0-301F-11D3-BF4B-00C04F79EFBC}") = "NotificationModule.UseCases.Interfaces", "NotificationModule.UseCases.Interfaces\NotificationModule.UseCases.Interfaces.csproj", "{54CA4AF9-5F11-4C66-915B-662D6F650641}"
EndProject
Project("{FAE04EC0-301F-11D3-BF4B-00C04F79EFBC}") = "NotificationModule.UseCases.Implementation", "NotificationModule.UseCases.Implementation\NotificationModule.UseCases.Implementation.csproj", "{61377574-A781-4FA6-83C0-D206A52AE40E}"
EndProject
Global
	GlobalSection(SolutionConfigurationPlatforms) = preSolution
		Debug|Any CPU = Debug|Any CPU
		Release|Any CPU = Release|Any CPU
	EndGlobalSection
	GlobalSection(ProjectConfigurationPlatforms) = postSolution
		{46D2791E-FB16-459D-B390-D596190B2E08}.Debug|Any CPU.ActiveCfg = Debug|Any CPU
		{46D2791E-FB16-459D-B390-D596190B2E08}.Debug|Any CPU.Build.0 = Debug|Any CPU
		{46D2791E-FB16-459D-B390-D596190B2E08}.Release|Any CPU.ActiveCfg = Release|Any CPU
		{46D2791E-FB16-459D-B390-D596190B2E08}.Release|Any CPU.Build.0 = Release|Any CPU
		{DA4F3337-D5A7-407E-B91E-8EB458218C57}.Debug|Any CPU.ActiveCfg = Debug|Any CPU
		{DA4F3337-D5A7-407E-B91E-8EB458218C57}.Debug|Any CPU.Build.0 = Debug|Any CPU
		{DA4F3337-D5A7-407E-B91E-8EB458218C57}.Release|Any CPU.ActiveCfg = Release|Any CPU
		{DA4F3337-D5A7-407E-B91E-8EB458218C57}.Release|Any CPU.Build.0 = Release|Any CPU
		{AD4E5FA0-2C37-4CF4-9923-349BBA3598CB}.Debug|Any CPU.ActiveCfg = Debug|Any CPU
		{AD4E5FA0-2C37-4CF4-9923-349BBA3598CB}.Debug|Any CPU.Build.0 = Debug|Any CPU
		{AD4E5FA0-2C37-4CF4-9923-349BBA3598CB}.Release|Any CPU.ActiveCfg = Release|Any CPU
		{AD4E5FA0-2C37-4CF4-9923-349BBA3598CB}.Release|Any CPU.Build.0 = Release|Any CPU
		{7B6AD929-D63B-49A2-A161-2BAD3513F7FB}.Debug|Any CPU.ActiveCfg = Debug|Any CPU
		{7B6AD929-D63B-49A2-A161-2BAD3513F7FB}.Debug|Any CPU.Build.0 = Debug|Any CPU
		{7B6AD929-D63B-49A2-A161-2BAD3513F7FB}.Release|Any CPU.ActiveCfg = Release|Any CPU
		{7B6AD929-D63B-49A2-A161-2BAD3513F7FB}.Release|Any CPU.Build.0 = Release|Any CPU
		{7A190D55-CE7B-4E2A-A7B9-4AC1C57D5B37}.Debug|Any CPU.ActiveCfg = Debug|Any CPU
		{7A190D55-CE7B-4E2A-A7B9-4AC1C57D5B37}.Debug|Any CPU.Build.0 = Debug|Any CPU
		{7A190D55-CE7B-4E2A-A7B9-4AC1C57D5B37}.Release|Any CPU.ActiveCfg = Release|Any CPU
		{7A190D55-CE7B-4E2A-A7B9-4AC1C57D5B37}.Release|Any CPU.Build.0 = Release|Any CPU
		{6479AF90-D753-49AE-A694-0F6CF3BA473E}.Debug|Any CPU.ActiveCfg = Debug|Any CPU
		{6479AF90-D753-49AE-A694-0F6CF3BA473E}.Debug|Any CPU.Build.0 = Debug|Any CPU
		{6479AF90-D753-49AE-A694-0F6CF3BA473E}.Release|Any CPU.ActiveCfg = Release|Any CPU
		{6479AF90-D753-49AE-A694-0F6CF3BA473E}.Release|Any CPU.Build.0 = Release|Any CPU
		{CBCDA54A-2B03-49BA-80AD-31DAD0CC5A4E}.Debug|Any CPU.ActiveCfg = Debug|Any CPU
		{CBCDA54A-2B03-49BA-80AD-31DAD0CC5A4E}.Debug|Any CPU.Build.0 = Debug|Any CPU
		{CBCDA54A-2B03-49BA-80AD-31DAD0CC5A4E}.Release|Any CPU.ActiveCfg = Release|Any CPU
		{CBCDA54A-2B03-49BA-80AD-31DAD0CC5A4E}.Release|Any CPU.Build.0 = Release|Any CPU
		{D47C68DB-05F1-46B3-B2D6-62CF57F6CF39}.Debug|Any CPU.ActiveCfg = Debug|Any CPU
		{D47C68DB-05F1-46B3-B2D6-62CF57F6CF39}.Debug|Any CPU.Build.0 = Debug|Any CPU
		{D47C68DB-05F1-46B3-B2D6-62CF57F6CF39}.Release|Any CPU.ActiveCfg = Release|Any CPU
		{D47C68DB-05F1-46B3-B2D6-62CF57F6CF39}.Release|Any CPU.Build.0 = Release|Any CPU
		{5DE2EC47-5ADB-4B07-AC9C-FFD872FEEC9B}.Debug|Any CPU.ActiveCfg = Debug|Any CPU
		{5DE2EC47-5ADB-4B07-AC9C-FFD872FEEC9B}.Debug|Any CPU.Build.0 = Debug|Any CPU
		{5DE2EC47-5ADB-4B07-AC9C-FFD872FEEC9B}.Release|Any CPU.ActiveCfg = Release|Any CPU
		{5DE2EC47-5ADB-4B07-AC9C-FFD872FEEC9B}.Release|Any CPU.Build.0 = Release|Any CPU
		{D8740DA2-0778-4ABA-A95F-AF59B35F7EFF}.Debug|Any CPU.ActiveCfg = Debug|Any CPU
		{D8740DA2-0778-4ABA-A95F-AF59B35F7EFF}.Debug|Any CPU.Build.0 = Debug|Any CPU
		{D8740DA2-0778-4ABA-A95F-AF59B35F7EFF}.Release|Any CPU.ActiveCfg = Release|Any CPU
		{D8740DA2-0778-4ABA-A95F-AF59B35F7EFF}.Release|Any CPU.Build.0 = Release|Any CPU
		{B5C5518F-042B-447C-B231-A1054AC44E7B}.Debug|Any CPU.ActiveCfg = Debug|Any CPU
		{B5C5518F-042B-447C-B231-A1054AC44E7B}.Debug|Any CPU.Build.0 = Debug|Any CPU
		{B5C5518F-042B-447C-B231-A1054AC44E7B}.Release|Any CPU.ActiveCfg = Release|Any CPU
		{B5C5518F-042B-447C-B231-A1054AC44E7B}.Release|Any CPU.Build.0 = Release|Any CPU
		{6BE0244A-E42D-4564-AD25-864E8304E1EB}.Debug|Any CPU.ActiveCfg = Debug|Any CPU
		{6BE0244A-E42D-4564-AD25-864E8304E1EB}.Debug|Any CPU.Build.0 = Debug|Any CPU
		{6BE0244A-E42D-4564-AD25-864E8304E1EB}.Release|Any CPU.ActiveCfg = Release|Any CPU
		{6BE0244A-E42D-4564-AD25-864E8304E1EB}.Release|Any CPU.Build.0 = Release|Any CPU
		{11840256-2D9E-4439-A9B2-84D04A25D4F5}.Debug|Any CPU.ActiveCfg = Debug|Any CPU
		{11840256-2D9E-4439-A9B2-84D04A25D4F5}.Debug|Any CPU.Build.0 = Debug|Any CPU
		{11840256-2D9E-4439-A9B2-84D04A25D4F5}.Release|Any CPU.ActiveCfg = Release|Any CPU
		{11840256-2D9E-4439-A9B2-84D04A25D4F5}.Release|Any CPU.Build.0 = Release|Any CPU
		{B331F8FD-0E37-474F-A11C-0CFDE82D7947}.Debug|Any CPU.ActiveCfg = Debug|Any CPU
		{B331F8FD-0E37-474F-A11C-0CFDE82D7947}.Debug|Any CPU.Build.0 = Debug|Any CPU
		{B331F8FD-0E37-474F-A11C-0CFDE82D7947}.Release|Any CPU.ActiveCfg = Release|Any CPU
		{B331F8FD-0E37-474F-A11C-0CFDE82D7947}.Release|Any CPU.Build.0 = Release|Any CPU
		{8963A8CA-F424-4EF7-BDC5-41B1FFDF5E5D}.Debug|Any CPU.ActiveCfg = Debug|Any CPU
		{8963A8CA-F424-4EF7-BDC5-41B1FFDF5E5D}.Debug|Any CPU.Build.0 = Debug|Any CPU
		{8963A8CA-F424-4EF7-BDC5-41B1FFDF5E5D}.Release|Any CPU.ActiveCfg = Release|Any CPU
		{8963A8CA-F424-4EF7-BDC5-41B1FFDF5E5D}.Release|Any CPU.Build.0 = Release|Any CPU
		{814A65BE-4B70-4C0D-82D4-E6D807688A14}.Debug|Any CPU.ActiveCfg = Debug|Any CPU
		{814A65BE-4B70-4C0D-82D4-E6D807688A14}.Debug|Any CPU.Build.0 = Debug|Any CPU
		{814A65BE-4B70-4C0D-82D4-E6D807688A14}.Release|Any CPU.ActiveCfg = Release|Any CPU
		{814A65BE-4B70-4C0D-82D4-E6D807688A14}.Release|Any CPU.Build.0 = Release|Any CPU
		{F4E1A17F-DBA6-43EC-B49C-2EAE2EF4149E}.Debug|Any CPU.ActiveCfg = Debug|Any CPU
		{F4E1A17F-DBA6-43EC-B49C-2EAE2EF4149E}.Debug|Any CPU.Build.0 = Debug|Any CPU
		{F4E1A17F-DBA6-43EC-B49C-2EAE2EF4149E}.Release|Any CPU.ActiveCfg = Release|Any CPU
		{F4E1A17F-DBA6-43EC-B49C-2EAE2EF4149E}.Release|Any CPU.Build.0 = Release|Any CPU
		{AA7E4153-7F6A-4D6B-9DF4-C8FA4F4B78E1}.Debug|Any CPU.ActiveCfg = Debug|Any CPU
		{AA7E4153-7F6A-4D6B-9DF4-C8FA4F4B78E1}.Debug|Any CPU.Build.0 = Debug|Any CPU
		{AA7E4153-7F6A-4D6B-9DF4-C8FA4F4B78E1}.Release|Any CPU.ActiveCfg = Release|Any CPU
		{AA7E4153-7F6A-4D6B-9DF4-C8FA4F4B78E1}.Release|Any CPU.Build.0 = Release|Any CPU
		{6F31E2FD-D14F-410B-9D6F-1D9BE98E7962}.Debug|Any CPU.ActiveCfg = Debug|Any CPU
		{6F31E2FD-D14F-410B-9D6F-1D9BE98E7962}.Debug|Any CPU.Build.0 = Debug|Any CPU
		{6F31E2FD-D14F-410B-9D6F-1D9BE98E7962}.Release|Any CPU.ActiveCfg = Release|Any CPU
		{6F31E2FD-D14F-410B-9D6F-1D9BE98E7962}.Release|Any CPU.Build.0 = Release|Any CPU
		{732739E3-A203-4F29-BD92-C351D95E222A}.Debug|Any CPU.ActiveCfg = Debug|Any CPU
		{732739E3-A203-4F29-BD92-C351D95E222A}.Debug|Any CPU.Build.0 = Debug|Any CPU
		{732739E3-A203-4F29-BD92-C351D95E222A}.Release|Any CPU.ActiveCfg = Release|Any CPU
		{732739E3-A203-4F29-BD92-C351D95E222A}.Release|Any CPU.Build.0 = Release|Any CPU
		{651431F8-8865-43E3-B6A1-41012C85017F}.Debug|Any CPU.ActiveCfg = Debug|Any CPU
		{651431F8-8865-43E3-B6A1-41012C85017F}.Debug|Any CPU.Build.0 = Debug|Any CPU
		{651431F8-8865-43E3-B6A1-41012C85017F}.Release|Any CPU.ActiveCfg = Release|Any CPU
		{651431F8-8865-43E3-B6A1-41012C85017F}.Release|Any CPU.Build.0 = Release|Any CPU
		{A36A452A-F2FF-481C-B2AC-A054C961D9DD}.Debug|Any CPU.ActiveCfg = Debug|Any CPU
		{A36A452A-F2FF-481C-B2AC-A054C961D9DD}.Debug|Any CPU.Build.0 = Debug|Any CPU
		{A36A452A-F2FF-481C-B2AC-A054C961D9DD}.Release|Any CPU.ActiveCfg = Release|Any CPU
		{A36A452A-F2FF-481C-B2AC-A054C961D9DD}.Release|Any CPU.Build.0 = Release|Any CPU
		{3AE4F7AF-FD33-4D33-8207-1068E654D98A}.Debug|Any CPU.ActiveCfg = Debug|Any CPU
		{3AE4F7AF-FD33-4D33-8207-1068E654D98A}.Debug|Any CPU.Build.0 = Debug|Any CPU
		{3AE4F7AF-FD33-4D33-8207-1068E654D98A}.Release|Any CPU.ActiveCfg = Release|Any CPU
		{3AE4F7AF-FD33-4D33-8207-1068E654D98A}.Release|Any CPU.Build.0 = Release|Any CPU
		{C4660A76-24AD-4584-85C4-FA7188E02A95}.Debug|Any CPU.ActiveCfg = Debug|Any CPU
		{C4660A76-24AD-4584-85C4-FA7188E02A95}.Debug|Any CPU.Build.0 = Debug|Any CPU
		{C4660A76-24AD-4584-85C4-FA7188E02A95}.Release|Any CPU.ActiveCfg = Release|Any CPU
		{C4660A76-24AD-4584-85C4-FA7188E02A95}.Release|Any CPU.Build.0 = Release|Any CPU
		{AF1AAD6E-E52A-4757-8BFE-96C195CE9E3D}.Debug|Any CPU.ActiveCfg = Debug|Any CPU
		{AF1AAD6E-E52A-4757-8BFE-96C195CE9E3D}.Debug|Any CPU.Build.0 = Debug|Any CPU
		{AF1AAD6E-E52A-4757-8BFE-96C195CE9E3D}.Release|Any CPU.ActiveCfg = Release|Any CPU
		{AF1AAD6E-E52A-4757-8BFE-96C195CE9E3D}.Release|Any CPU.Build.0 = Release|Any CPU
		{137F5CBE-F477-4F7A-AD8E-1BC717548719}.Debug|Any CPU.ActiveCfg = Debug|Any CPU
		{137F5CBE-F477-4F7A-AD8E-1BC717548719}.Debug|Any CPU.Build.0 = Debug|Any CPU
		{137F5CBE-F477-4F7A-AD8E-1BC717548719}.Release|Any CPU.ActiveCfg = Release|Any CPU
		{137F5CBE-F477-4F7A-AD8E-1BC717548719}.Release|Any CPU.Build.0 = Release|Any CPU
		{6FBA52DA-ACC0-45ED-95E4-A19CD4F963FC}.Debug|Any CPU.ActiveCfg = Debug|Any CPU
		{6FBA52DA-ACC0-45ED-95E4-A19CD4F963FC}.Debug|Any CPU.Build.0 = Debug|Any CPU
		{6FBA52DA-ACC0-45ED-95E4-A19CD4F963FC}.Release|Any CPU.ActiveCfg = Release|Any CPU
		{6FBA52DA-ACC0-45ED-95E4-A19CD4F963FC}.Release|Any CPU.Build.0 = Release|Any CPU
		{FCA67586-64B4-4CB5-AC6A-F793BA447BEC}.Debug|Any CPU.ActiveCfg = Debug|Any CPU
		{FCA67586-64B4-4CB5-AC6A-F793BA447BEC}.Debug|Any CPU.Build.0 = Debug|Any CPU
		{FCA67586-64B4-4CB5-AC6A-F793BA447BEC}.Release|Any CPU.ActiveCfg = Release|Any CPU
		{FCA67586-64B4-4CB5-AC6A-F793BA447BEC}.Release|Any CPU.Build.0 = Release|Any CPU
		{3BED9907-9AF6-4C6D-ABDF-B198B0F9862F}.Debug|Any CPU.ActiveCfg = Debug|Any CPU
		{3BED9907-9AF6-4C6D-ABDF-B198B0F9862F}.Debug|Any CPU.Build.0 = Debug|Any CPU
		{3BED9907-9AF6-4C6D-ABDF-B198B0F9862F}.Release|Any CPU.ActiveCfg = Release|Any CPU
		{3BED9907-9AF6-4C6D-ABDF-B198B0F9862F}.Release|Any CPU.Build.0 = Release|Any CPU
		{58CC1349-26E6-495C-9FEA-B3C502CFC7B5}.Debug|Any CPU.ActiveCfg = Debug|Any CPU
		{58CC1349-26E6-495C-9FEA-B3C502CFC7B5}.Debug|Any CPU.Build.0 = Debug|Any CPU
		{58CC1349-26E6-495C-9FEA-B3C502CFC7B5}.Release|Any CPU.ActiveCfg = Release|Any CPU
		{58CC1349-26E6-495C-9FEA-B3C502CFC7B5}.Release|Any CPU.Build.0 = Release|Any CPU
		{1C46D49F-B000-4BD2-A5F5-F2108CD76AE8}.Debug|Any CPU.ActiveCfg = Debug|Any CPU
		{1C46D49F-B000-4BD2-A5F5-F2108CD76AE8}.Debug|Any CPU.Build.0 = Debug|Any CPU
		{1C46D49F-B000-4BD2-A5F5-F2108CD76AE8}.Release|Any CPU.ActiveCfg = Release|Any CPU
		{1C46D49F-B000-4BD2-A5F5-F2108CD76AE8}.Release|Any CPU.Build.0 = Release|Any CPU
		{E6E29805-1E8E-4261-A302-82B2756DD0C8}.Debug|Any CPU.ActiveCfg = Debug|Any CPU
		{E6E29805-1E8E-4261-A302-82B2756DD0C8}.Debug|Any CPU.Build.0 = Debug|Any CPU
		{E6E29805-1E8E-4261-A302-82B2756DD0C8}.Release|Any CPU.ActiveCfg = Release|Any CPU
		{E6E29805-1E8E-4261-A302-82B2756DD0C8}.Release|Any CPU.Build.0 = Release|Any CPU
		{FBC82DFB-C12A-4C40-A96C-1E47A73F5271}.Debug|Any CPU.ActiveCfg = Debug|Any CPU
		{FBC82DFB-C12A-4C40-A96C-1E47A73F5271}.Debug|Any CPU.Build.0 = Debug|Any CPU
		{FBC82DFB-C12A-4C40-A96C-1E47A73F5271}.Release|Any CPU.ActiveCfg = Release|Any CPU
		{FBC82DFB-C12A-4C40-A96C-1E47A73F5271}.Release|Any CPU.Build.0 = Release|Any CPU
		{C8D8295E-9785-4CD4-8558-67FC3B084FF8}.Debug|Any CPU.ActiveCfg = Debug|Any CPU
		{C8D8295E-9785-4CD4-8558-67FC3B084FF8}.Debug|Any CPU.Build.0 = Debug|Any CPU
		{C8D8295E-9785-4CD4-8558-67FC3B084FF8}.Release|Any CPU.ActiveCfg = Release|Any CPU
		{C8D8295E-9785-4CD4-8558-67FC3B084FF8}.Release|Any CPU.Build.0 = Release|Any CPU
		{ACE5DA00-44A3-4912-B8F1-5A45970EF302}.Debug|Any CPU.ActiveCfg = Debug|Any CPU
		{ACE5DA00-44A3-4912-B8F1-5A45970EF302}.Debug|Any CPU.Build.0 = Debug|Any CPU
		{ACE5DA00-44A3-4912-B8F1-5A45970EF302}.Release|Any CPU.ActiveCfg = Release|Any CPU
		{ACE5DA00-44A3-4912-B8F1-5A45970EF302}.Release|Any CPU.Build.0 = Release|Any CPU
		{600B84B4-5349-4A8F-B761-6D623EA738EC}.Debug|Any CPU.ActiveCfg = Debug|Any CPU
		{600B84B4-5349-4A8F-B761-6D623EA738EC}.Debug|Any CPU.Build.0 = Debug|Any CPU
		{600B84B4-5349-4A8F-B761-6D623EA738EC}.Release|Any CPU.ActiveCfg = Release|Any CPU
		{600B84B4-5349-4A8F-B761-6D623EA738EC}.Release|Any CPU.Build.0 = Release|Any CPU
		{4A01C633-A1CA-474A-9BCC-DA0EDBF900CF}.Debug|Any CPU.ActiveCfg = Debug|Any CPU
		{4A01C633-A1CA-474A-9BCC-DA0EDBF900CF}.Debug|Any CPU.Build.0 = Debug|Any CPU
		{4A01C633-A1CA-474A-9BCC-DA0EDBF900CF}.Release|Any CPU.ActiveCfg = Release|Any CPU
		{4A01C633-A1CA-474A-9BCC-DA0EDBF900CF}.Release|Any CPU.Build.0 = Release|Any CPU
		{7341B05D-BCE4-43CC-8A0F-2D7275738866}.Debug|Any CPU.ActiveCfg = Debug|Any CPU
		{7341B05D-BCE4-43CC-8A0F-2D7275738866}.Debug|Any CPU.Build.0 = Debug|Any CPU
		{7341B05D-BCE4-43CC-8A0F-2D7275738866}.Release|Any CPU.ActiveCfg = Release|Any CPU
		{7341B05D-BCE4-43CC-8A0F-2D7275738866}.Release|Any CPU.Build.0 = Release|Any CPU
		{071E4183-0926-449A-B7F8-825726B5E5E3}.Debug|Any CPU.ActiveCfg = Debug|Any CPU
		{071E4183-0926-449A-B7F8-825726B5E5E3}.Debug|Any CPU.Build.0 = Debug|Any CPU
		{071E4183-0926-449A-B7F8-825726B5E5E3}.Release|Any CPU.ActiveCfg = Release|Any CPU
		{071E4183-0926-449A-B7F8-825726B5E5E3}.Release|Any CPU.Build.0 = Release|Any CPU
		{74C3B55B-80DE-4D26-9348-529125B9F4B1}.Debug|Any CPU.ActiveCfg = Debug|Any CPU
		{74C3B55B-80DE-4D26-9348-529125B9F4B1}.Debug|Any CPU.Build.0 = Debug|Any CPU
		{74C3B55B-80DE-4D26-9348-529125B9F4B1}.Release|Any CPU.ActiveCfg = Release|Any CPU
		{74C3B55B-80DE-4D26-9348-529125B9F4B1}.Release|Any CPU.Build.0 = Release|Any CPU
		{5F5B2195-774E-405B-8FCA-3208D788B946}.Debug|Any CPU.ActiveCfg = Debug|Any CPU
		{5F5B2195-774E-405B-8FCA-3208D788B946}.Debug|Any CPU.Build.0 = Debug|Any CPU
		{5F5B2195-774E-405B-8FCA-3208D788B946}.Release|Any CPU.ActiveCfg = Release|Any CPU
		{5F5B2195-774E-405B-8FCA-3208D788B946}.Release|Any CPU.Build.0 = Release|Any CPU
		{BCAAB656-C22E-44B4-AB01-108F68032F03}.Debug|Any CPU.ActiveCfg = Debug|Any CPU
		{BCAAB656-C22E-44B4-AB01-108F68032F03}.Debug|Any CPU.Build.0 = Debug|Any CPU
		{BCAAB656-C22E-44B4-AB01-108F68032F03}.Release|Any CPU.ActiveCfg = Release|Any CPU
		{BCAAB656-C22E-44B4-AB01-108F68032F03}.Release|Any CPU.Build.0 = Release|Any CPU
		{D366A063-963D-4970-8BFA-79775F30BF5A}.Debug|Any CPU.ActiveCfg = Debug|Any CPU
		{D366A063-963D-4970-8BFA-79775F30BF5A}.Debug|Any CPU.Build.0 = Debug|Any CPU
		{D366A063-963D-4970-8BFA-79775F30BF5A}.Release|Any CPU.ActiveCfg = Release|Any CPU
		{D366A063-963D-4970-8BFA-79775F30BF5A}.Release|Any CPU.Build.0 = Release|Any CPU
		{F820F0F3-E32B-44B8-A949-070FE50404D9}.Debug|Any CPU.ActiveCfg = Debug|Any CPU
		{F820F0F3-E32B-44B8-A949-070FE50404D9}.Debug|Any CPU.Build.0 = Debug|Any CPU
		{F820F0F3-E32B-44B8-A949-070FE50404D9}.Release|Any CPU.ActiveCfg = Release|Any CPU
		{F820F0F3-E32B-44B8-A949-070FE50404D9}.Release|Any CPU.Build.0 = Release|Any CPU
		{2C1A968A-1318-42FD-B9BA-43F27BC072C0}.Debug|Any CPU.ActiveCfg = Debug|Any CPU
		{2C1A968A-1318-42FD-B9BA-43F27BC072C0}.Debug|Any CPU.Build.0 = Debug|Any CPU
		{2C1A968A-1318-42FD-B9BA-43F27BC072C0}.Release|Any CPU.ActiveCfg = Release|Any CPU
		{2C1A968A-1318-42FD-B9BA-43F27BC072C0}.Release|Any CPU.Build.0 = Release|Any CPU
		{A1A44B5D-954E-4FD6-90F4-F70151480A40}.Debug|Any CPU.ActiveCfg = Debug|Any CPU
		{A1A44B5D-954E-4FD6-90F4-F70151480A40}.Debug|Any CPU.Build.0 = Debug|Any CPU
		{A1A44B5D-954E-4FD6-90F4-F70151480A40}.Release|Any CPU.ActiveCfg = Release|Any CPU
		{A1A44B5D-954E-4FD6-90F4-F70151480A40}.Release|Any CPU.Build.0 = Release|Any CPU
		{6FA88C51-64A4-4CD5-8FB9-15FFDDBA63DE}.Debug|Any CPU.ActiveCfg = Debug|Any CPU
		{6FA88C51-64A4-4CD5-8FB9-15FFDDBA63DE}.Debug|Any CPU.Build.0 = Debug|Any CPU
		{6FA88C51-64A4-4CD5-8FB9-15FFDDBA63DE}.Release|Any CPU.ActiveCfg = Release|Any CPU
		{6FA88C51-64A4-4CD5-8FB9-15FFDDBA63DE}.Release|Any CPU.Build.0 = Release|Any CPU
		{7C10C112-C552-4172-809E-9A479BAEAE9A}.Debug|Any CPU.ActiveCfg = Debug|Any CPU
		{7C10C112-C552-4172-809E-9A479BAEAE9A}.Debug|Any CPU.Build.0 = Debug|Any CPU
		{7C10C112-C552-4172-809E-9A479BAEAE9A}.Release|Any CPU.ActiveCfg = Release|Any CPU
		{7C10C112-C552-4172-809E-9A479BAEAE9A}.Release|Any CPU.Build.0 = Release|Any CPU
		{F9B0E938-8FB0-4A95-BFAC-93682C01503A}.Debug|Any CPU.ActiveCfg = Debug|Any CPU
		{F9B0E938-8FB0-4A95-BFAC-93682C01503A}.Debug|Any CPU.Build.0 = Debug|Any CPU
		{F9B0E938-8FB0-4A95-BFAC-93682C01503A}.Release|Any CPU.ActiveCfg = Release|Any CPU
		{F9B0E938-8FB0-4A95-BFAC-93682C01503A}.Release|Any CPU.Build.0 = Release|Any CPU
		{39863308-37AE-4B64-A645-2F5CD48DD3BC}.Debug|Any CPU.ActiveCfg = Debug|Any CPU
		{39863308-37AE-4B64-A645-2F5CD48DD3BC}.Debug|Any CPU.Build.0 = Debug|Any CPU
		{39863308-37AE-4B64-A645-2F5CD48DD3BC}.Release|Any CPU.ActiveCfg = Release|Any CPU
		{39863308-37AE-4B64-A645-2F5CD48DD3BC}.Release|Any CPU.Build.0 = Release|Any CPU
		{997A83E8-ECA2-42C6-823D-E14FD08B688A}.Debug|Any CPU.ActiveCfg = Debug|Any CPU
		{997A83E8-ECA2-42C6-823D-E14FD08B688A}.Debug|Any CPU.Build.0 = Debug|Any CPU
		{997A83E8-ECA2-42C6-823D-E14FD08B688A}.Release|Any CPU.ActiveCfg = Release|Any CPU
		{997A83E8-ECA2-42C6-823D-E14FD08B688A}.Release|Any CPU.Build.0 = Release|Any CPU
		{01B89FBB-6545-4B9A-9F30-4ADEB3DD21FA}.Debug|Any CPU.ActiveCfg = Debug|Any CPU
		{01B89FBB-6545-4B9A-9F30-4ADEB3DD21FA}.Debug|Any CPU.Build.0 = Debug|Any CPU
		{01B89FBB-6545-4B9A-9F30-4ADEB3DD21FA}.Release|Any CPU.ActiveCfg = Release|Any CPU
		{01B89FBB-6545-4B9A-9F30-4ADEB3DD21FA}.Release|Any CPU.Build.0 = Release|Any CPU
		{75397527-3502-430B-A483-E0516C4024B5}.Debug|Any CPU.ActiveCfg = Debug|Any CPU
		{75397527-3502-430B-A483-E0516C4024B5}.Debug|Any CPU.Build.0 = Debug|Any CPU
		{75397527-3502-430B-A483-E0516C4024B5}.Release|Any CPU.ActiveCfg = Release|Any CPU
		{75397527-3502-430B-A483-E0516C4024B5}.Release|Any CPU.Build.0 = Release|Any CPU
		{54CA4AF9-5F11-4C66-915B-662D6F650641}.Debug|Any CPU.ActiveCfg = Debug|Any CPU
		{54CA4AF9-5F11-4C66-915B-662D6F650641}.Debug|Any CPU.Build.0 = Debug|Any CPU
		{54CA4AF9-5F11-4C66-915B-662D6F650641}.Release|Any CPU.ActiveCfg = Release|Any CPU
		{54CA4AF9-5F11-4C66-915B-662D6F650641}.Release|Any CPU.Build.0 = Release|Any CPU
		{61377574-A781-4FA6-83C0-D206A52AE40E}.Debug|Any CPU.ActiveCfg = Debug|Any CPU
		{61377574-A781-4FA6-83C0-D206A52AE40E}.Debug|Any CPU.Build.0 = Debug|Any CPU
		{61377574-A781-4FA6-83C0-D206A52AE40E}.Release|Any CPU.ActiveCfg = Release|Any CPU
		{61377574-A781-4FA6-83C0-D206A52AE40E}.Release|Any CPU.Build.0 = Release|Any CPU
	EndGlobalSection
	GlobalSection(NestedProjects) = preSolution
		{7BA0540E-0B79-418C-9EE9-8C40A7A837E2} = {3564D285-9E3B-4986-9F64-13EC220ECAAF}
		{D763A55A-448D-4E9D-ADD2-9BB37CE15CB1} = {3564D285-9E3B-4986-9F64-13EC220ECAAF}
		{761A1B20-5A1E-4F54-B552-B352014A8A9E} = {3564D285-9E3B-4986-9F64-13EC220ECAAF}
		{2CF8CDE3-213C-4BA0-A501-8F286F81BE02} = {3564D285-9E3B-4986-9F64-13EC220ECAAF}
		{D115A6B7-6399-49C3-B271-95FFE8D14B93} = {3564D285-9E3B-4986-9F64-13EC220ECAAF}
		{B4A3E744-5264-403E-88AE-CF6FC252734C} = {3564D285-9E3B-4986-9F64-13EC220ECAAF}
		{277F0494-B8AE-444B-BE9B-A8A463DC52B9} = {3564D285-9E3B-4986-9F64-13EC220ECAAF}
		{C910F767-2DF6-4880-927A-B537ED45E5A6} = {3564D285-9E3B-4986-9F64-13EC220ECAAF}
		{F4E1A17F-DBA6-43EC-B49C-2EAE2EF4149E} = {D763A55A-448D-4E9D-ADD2-9BB37CE15CB1}
		{AA7E4153-7F6A-4D6B-9DF4-C8FA4F4B78E1} = {D763A55A-448D-4E9D-ADD2-9BB37CE15CB1}
		{6F31E2FD-D14F-410B-9D6F-1D9BE98E7962} = {D763A55A-448D-4E9D-ADD2-9BB37CE15CB1}
		{814A65BE-4B70-4C0D-82D4-E6D807688A14} = {761A1B20-5A1E-4F54-B552-B352014A8A9E}
		{11840256-2D9E-4439-A9B2-84D04A25D4F5} = {761A1B20-5A1E-4F54-B552-B352014A8A9E}
		{8963A8CA-F424-4EF7-BDC5-41B1FFDF5E5D} = {761A1B20-5A1E-4F54-B552-B352014A8A9E}
		{B331F8FD-0E37-474F-A11C-0CFDE82D7947} = {761A1B20-5A1E-4F54-B552-B352014A8A9E}
		{6BE0244A-E42D-4564-AD25-864E8304E1EB} = {D115A6B7-6399-49C3-B271-95FFE8D14B93}
		{5DE2EC47-5ADB-4B07-AC9C-FFD872FEEC9B} = {D115A6B7-6399-49C3-B271-95FFE8D14B93}
		{B5C5518F-042B-447C-B231-A1054AC44E7B} = {D115A6B7-6399-49C3-B271-95FFE8D14B93}
		{D8740DA2-0778-4ABA-A95F-AF59B35F7EFF} = {D115A6B7-6399-49C3-B271-95FFE8D14B93}
		{7B6AD929-D63B-49A2-A161-2BAD3513F7FB} = {7BA0540E-0B79-418C-9EE9-8C40A7A837E2}
		{46D2791E-FB16-459D-B390-D596190B2E08} = {7BA0540E-0B79-418C-9EE9-8C40A7A837E2}
		{AD4E5FA0-2C37-4CF4-9923-349BBA3598CB} = {7BA0540E-0B79-418C-9EE9-8C40A7A837E2}
		{DA4F3337-D5A7-407E-B91E-8EB458218C57} = {7BA0540E-0B79-418C-9EE9-8C40A7A837E2}
		{CBCDA54A-2B03-49BA-80AD-31DAD0CC5A4E} = {B4A3E744-5264-403E-88AE-CF6FC252734C}
		{6479AF90-D753-49AE-A694-0F6CF3BA473E} = {B4A3E744-5264-403E-88AE-CF6FC252734C}
		{D47C68DB-05F1-46B3-B2D6-62CF57F6CF39} = {B4A3E744-5264-403E-88AE-CF6FC252734C}
		{7A190D55-CE7B-4E2A-A7B9-4AC1C57D5B37} = {B4A3E744-5264-403E-88AE-CF6FC252734C}
		{732739E3-A203-4F29-BD92-C351D95E222A} = {7BA0540E-0B79-418C-9EE9-8C40A7A837E2}
		{651431F8-8865-43E3-B6A1-41012C85017F} = {7BA0540E-0B79-418C-9EE9-8C40A7A837E2}
		{A36A452A-F2FF-481C-B2AC-A054C961D9DD} = {D763A55A-448D-4E9D-ADD2-9BB37CE15CB1}
		{3AE4F7AF-FD33-4D33-8207-1068E654D98A} = {D763A55A-448D-4E9D-ADD2-9BB37CE15CB1}
		{C4660A76-24AD-4584-85C4-FA7188E02A95} = {D115A6B7-6399-49C3-B271-95FFE8D14B93}
		{AF1AAD6E-E52A-4757-8BFE-96C195CE9E3D} = {D115A6B7-6399-49C3-B271-95FFE8D14B93}
		{137F5CBE-F477-4F7A-AD8E-1BC717548719} = {761A1B20-5A1E-4F54-B552-B352014A8A9E}
		{6FBA52DA-ACC0-45ED-95E4-A19CD4F963FC} = {761A1B20-5A1E-4F54-B552-B352014A8A9E}
		{3BED9907-9AF6-4C6D-ABDF-B198B0F9862F} = {3D5EDEE8-B2EB-461A-AB38-0C6D26D9EAB5}
		{58CC1349-26E6-495C-9FEA-B3C502CFC7B5} = {3D5EDEE8-B2EB-461A-AB38-0C6D26D9EAB5}
		{1C46D49F-B000-4BD2-A5F5-F2108CD76AE8} = {3D5EDEE8-B2EB-461A-AB38-0C6D26D9EAB5}
		{E6E29805-1E8E-4261-A302-82B2756DD0C8} = {3D5EDEE8-B2EB-461A-AB38-0C6D26D9EAB5}
		{FBC82DFB-C12A-4C40-A96C-1E47A73F5271} = {B4A3E744-5264-403E-88AE-CF6FC252734C}
		{C8D8295E-9785-4CD4-8558-67FC3B084FF8} = {B4A3E744-5264-403E-88AE-CF6FC252734C}
		{ACE5DA00-44A3-4912-B8F1-5A45970EF302} = {2CF8CDE3-213C-4BA0-A501-8F286F81BE02}
		{600B84B4-5349-4A8F-B761-6D623EA738EC} = {2CF8CDE3-213C-4BA0-A501-8F286F81BE02}
		{4A01C633-A1CA-474A-9BCC-DA0EDBF900CF} = {2CF8CDE3-213C-4BA0-A501-8F286F81BE02}
		{7341B05D-BCE4-43CC-8A0F-2D7275738866} = {2CF8CDE3-213C-4BA0-A501-8F286F81BE02}
		{071E4183-0926-449A-B7F8-825726B5E5E3} = {2CF8CDE3-213C-4BA0-A501-8F286F81BE02}
		{74C3B55B-80DE-4D26-9348-529125B9F4B1} = {2CF8CDE3-213C-4BA0-A501-8F286F81BE02}
		{5D4CF7E5-4CB6-491B-B4DE-D33ED6B2EA9C} = {3564D285-9E3B-4986-9F64-13EC220ECAAF}
		{5F5B2195-774E-405B-8FCA-3208D788B946} = {5D4CF7E5-4CB6-491B-B4DE-D33ED6B2EA9C}
		{BCAAB656-C22E-44B4-AB01-108F68032F03} = {5D4CF7E5-4CB6-491B-B4DE-D33ED6B2EA9C}
		{D366A063-963D-4970-8BFA-79775F30BF5A} = {5D4CF7E5-4CB6-491B-B4DE-D33ED6B2EA9C}
		{F820F0F3-E32B-44B8-A949-070FE50404D9} = {5D4CF7E5-4CB6-491B-B4DE-D33ED6B2EA9C}
		{2C1A968A-1318-42FD-B9BA-43F27BC072C0} = {5D4CF7E5-4CB6-491B-B4DE-D33ED6B2EA9C}
		{A1A44B5D-954E-4FD6-90F4-F70151480A40} = {D763A55A-448D-4E9D-ADD2-9BB37CE15CB1}
		{6FA88C51-64A4-4CD5-8FB9-15FFDDBA63DE} = {3D5EDEE8-B2EB-461A-AB38-0C6D26D9EAB5}
		{7C10C112-C552-4172-809E-9A479BAEAE9A} = {5D4CF7E5-4CB6-491B-B4DE-D33ED6B2EA9C}
		{F9B0E938-8FB0-4A95-BFAC-93682C01503A} = {277F0494-B8AE-444B-BE9B-A8A463DC52B9}
		{39863308-37AE-4B64-A645-2F5CD48DD3BC} = {277F0494-B8AE-444B-BE9B-A8A463DC52B9}
		{997A83E8-ECA2-42C6-823D-E14FD08B688A} = {277F0494-B8AE-444B-BE9B-A8A463DC52B9}
		{01B89FBB-6545-4B9A-9F30-4ADEB3DD21FA} = {277F0494-B8AE-444B-BE9B-A8A463DC52B9}
		{75397527-3502-430B-A483-E0516C4024B5} = {277F0494-B8AE-444B-BE9B-A8A463DC52B9}
		{54CA4AF9-5F11-4C66-915B-662D6F650641} = {277F0494-B8AE-444B-BE9B-A8A463DC52B9}
		{61377574-A781-4FA6-83C0-D206A52AE40E} = {277F0494-B8AE-444B-BE9B-A8A463DC52B9}
	EndGlobalSection
EndGlobal
