
Microsoft Visual Studio Solution File, Format Version 12.00
Project("{FAE04EC0-301F-11D3-BF4B-00C04F79EFBC}") = "User.Domain", "User.Domain\User.Domain.csproj", "{46D2791E-FB16-459D-B390-D596190B2E08}"
EndProject
Project("{FAE04EC0-301F-11D3-BF4B-00C04F79EFBC}") = "User.Persistence", "User.Persistence\User.Persistence.csproj", "{DA4F3337-D5A7-407E-B91E-8EB458218C57}"
EndProject
Project("{FAE04EC0-301F-11D3-BF4B-00C04F79EFBC}") = "User.Infrastructure", "User.Infrastructure\User.Infrastructure.csproj", "{AD4E5FA0-2C37-4CF4-9923-349BBA3598CB}"
EndProject
Project("{FAE04EC0-301F-11D3-BF4B-00C04F79EFBC}") = "User.Application", "User.Application\User.Application.csproj", "{7B6AD929-D63B-49A2-A161-2BAD3513F7FB}"
EndProject
Project("{FAE04EC0-301F-11D3-BF4B-00C04F79EFBC}") = "Workspace.Persistence", "Workspace.Persistence\Workspace.Persistence.csproj", "{7A190D55-CE7B-4E2A-A7B9-4AC1C57D5B37}"
EndProject
Project("{FAE04EC0-301F-11D3-BF4B-00C04F79EFBC}") = "Workspace.Domain", "Workspace.Domain\Workspace.Domain.csproj", "{6479AF90-D753-49AE-A694-0F6CF3BA473E}"
EndProject
Project("{FAE04EC0-301F-11D3-BF4B-00C04F79EFBC}") = "Workspace.Application", "Workspace.Application\Workspace.Application.csproj", "{CBCDA54A-2B03-49BA-80AD-31DAD0CC5A4E}"
EndProject
Project("{FAE04EC0-301F-11D3-BF4B-00C04F79EFBC}") = "Workspace.Infrastructure", "Workspace.Infrastructure\Workspace.Infrastructure.csproj", "{D47C68DB-05F1-46B3-B2D6-62CF57F6CF39}"
EndProject
Project("{FAE04EC0-301F-11D3-BF4B-00C04F79EFBC}") = "SocialNetworkAccounts.Domain", "SocialNetworkAccounts.Domain\SocialNetworkAccounts.Domain.csproj", "{5DE2EC47-5ADB-4B07-AC9C-FFD872FEEC9B}"
EndProject
Project("{FAE04EC0-301F-11D3-BF4B-00C04F79EFBC}") = "SocialNetworkAccounts.Persistence", "SocialNetworkAccounts.Persistence\SocialNetworkAccounts.Persistence.csproj", "{D8740DA2-0778-4ABA-A95F-AF59B35F7EFF}"
EndProject
Project("{FAE04EC0-301F-11D3-BF4B-00C04F79EFBC}") = "SocialNetworkAccounts.Infrastructure", "SocialNetworkAccounts.Infrastructure\SocialNetworkAccounts.Infrastructure.csproj", "{B5C5518F-042B-447C-B231-A1054AC44E7B}"
EndProject
Project("{FAE04EC0-301F-11D3-BF4B-00C04F79EFBC}") = "SocialNetworkAccounts.Application", "SocialNetworkAccounts.Application\SocialNetworkAccounts.Application.csproj", "{6BE0244A-E42D-4564-AD25-864E8304E1EB}"
EndProject
Project("{FAE04EC0-301F-11D3-BF4B-00C04F79EFBC}") = "SocialNode.Domain", "SocialNode.Domain\SocialNode.Domain.csproj", "{11840256-2D9E-4439-A9B2-84D04A25D4F5}"
EndProject
Project("{FAE04EC0-301F-11D3-BF4B-00C04F79EFBC}") = "SocialNode.Persistence", "SocialNode.Persistence\SocialNode.Persistence.csproj", "{B331F8FD-0E37-474F-A11C-0CFDE82D7947}"
EndProject
Project("{FAE04EC0-301F-11D3-BF4B-00C04F79EFBC}") = "SocialNode.Infrastructure", "SocialNode.Infrastructure\SocialNode.Infrastructure.csproj", "{8963A8CA-F424-4EF7-BDC5-41B1FFDF5E5D}"
EndProject
Project("{FAE04EC0-301F-11D3-BF4B-00C04F79EFBC}") = "SocialNode.Application", "SocialNode.Application\SocialNode.Application.csproj", "{814A65BE-4B70-4C0D-82D4-E6D807688A14}"
EndProject
Project("{2150E333-8FDC-42A3-9474-1A3956D46DE8}") = "Modules", "Modules", "{3564D285-9E3B-4986-9F64-13EC220ECAAF}"
EndProject
Project("{2150E333-8FDC-42A3-9474-1A3956D46DE8}") = "User", "User", "{7BA0540E-0B79-418C-9EE9-8C40A7A837E2}"
EndProject
Project("{2150E333-8FDC-42A3-9474-1A3956D46DE8}") = "Auth", "Auth", "{D763A55A-448D-4E9D-ADD2-9BB37CE15CB1}"
EndProject
Project("{2150E333-8FDC-42A3-9474-1A3956D46DE8}") = "SocialNode", "SocialNode", "{761A1B20-5A1E-4F54-B552-B352014A8A9E}"
EndProject
Project("{2150E333-8FDC-42A3-9474-1A3956D46DE8}") = "TaskModule", "TaskModule", "{2CF8CDE3-213C-4BA0-A501-8F286F81BE02}"
EndProject
Project("{2150E333-8FDC-42A3-9474-1A3956D46DE8}") = "SocialNetworkAccount", "SocialNetworkAccount", "{D115A6B7-6399-49C3-B271-95FFE8D14B93}"
EndProject
Project("{2150E333-8FDC-42A3-9474-1A3956D46DE8}") = "Workspace", "Workspace", "{B4A3E744-5264-403E-88AE-CF6FC252734C}"
EndProject
Project("{2150E333-8FDC-42A3-9474-1A3956D46DE8}") = "Notification", "Notification", "{277F0494-B8AE-444B-BE9B-A8A463DC52B9}"
EndProject
Project("{2150E333-8FDC-42A3-9474-1A3956D46DE8}") = "Subscription", "Subscription", "{C910F767-2DF6-4880-927A-B537ED45E5A6}"
EndProject
Project("{FAE04EC0-301F-11D3-BF4B-00C04F79EFBC}") = "Auth.Application", "Auth.Application\Auth.Application.csproj", "{F4E1A17F-DBA6-43EC-B49C-2EAE2EF4149E}"
EndProject
Project("{FAE04EC0-301F-11D3-BF4B-00C04F79EFBC}") = "Auth.Domain", "Auth.Domain\Auth.Domain.csproj", "{AA7E4153-7F6A-4D6B-9DF4-C8FA4F4B78E1}"
EndProject
Project("{FAE04EC0-301F-11D3-BF4B-00C04F79EFBC}") = "Auth.Infrastructure", "Auth.Infrastructure\Auth.Infrastructure.csproj", "{F17EAC15-B0AF-47A9-913E-0C98883E5DA1}"
EndProject
Project("{2150E333-8FDC-42A3-9474-1A3956D46DE8}") = "Shared", "Shared", "{3D5EDEE8-B2EB-461A-AB38-0C6D26D9EAB5}"
EndProject
Project("{FAE04EC0-301F-11D3-BF4B-00C04F79EFBC}") = "Auth.Contracts", "Auth.Contracts\Auth.Contracts.csproj", "{6F31E2FD-D14F-410B-9D6F-1D9BE98E7962}"
EndProject
Project("{FAE04EC0-301F-11D3-BF4B-00C04F79EFBC}") = "User.Contracts", "User.Contracts\User.Contracts.csproj", "{732739E3-A203-4F29-BD92-C351D95E222A}"
EndProject
Project("{FAE04EC0-301F-11D3-BF4B-00C04F79EFBC}") = "User.Controllers", "User.Controllers\User.Controllers.csproj", "{651431F8-8865-43E3-B6A1-41012C85017F}"
EndProject
Project("{FAE04EC0-301F-11D3-BF4B-00C04F79EFBC}") = "Auth.Controllers", "Auth.Controllers\Auth.Controllers.csproj", "{A36A452A-F2FF-481C-B2AC-A054C961D9DD}"
EndProject
Project("{FAE04EC0-301F-11D3-BF4B-00C04F79EFBC}") = "Auth.Persistence", "Auth.Persistence\Auth.Persistence.csproj", "{3AE4F7AF-FD33-4D33-8207-1068E654D98A}"
EndProject
Project("{FAE04EC0-301F-11D3-BF4B-00C04F79EFBC}") = "SocialNetworkAccounts.Contracts", "SocialNetworkAccounts.Contracts\SocialNetworkAccounts.Contracts.csproj", "{C4660A76-24AD-4584-85C4-FA7188E02A95}"
EndProject
Project("{FAE04EC0-301F-11D3-BF4B-00C04F79EFBC}") = "SocialNetworkAccounts.Controllers", "SocialNetworkAccounts.Controllers\SocialNetworkAccounts.Controllers.csproj", "{AF1AAD6E-E52A-4757-8BFE-96C195CE9E3D}"
EndProject
Project("{FAE04EC0-301F-11D3-BF4B-00C04F79EFBC}") = "SocialNode.Contracts", "SocialNode.Contracts\SocialNode.Contracts.csproj", "{137F5CBE-F477-4F7A-AD8E-1BC717548719}"
EndProject
Project("{FAE04EC0-301F-11D3-BF4B-00C04F79EFBC}") = "SocialNode.Controllers", "SocialNode.Controllers\SocialNode.Controllers.csproj", "{6FBA52DA-ACC0-45ED-95E4-A19CD4F963FC}"
EndProject
Project("{FAE04EC0-301F-11D3-BF4B-00C04F79EFBC}") = "SocialApp.Api", "SocialApp.Api\SocialApp.Api.csproj", "{FCA67586-64B4-4CB5-AC6A-F793BA447BEC}"
EndProject
Project("{FAE04EC0-301F-11D3-BF4B-00C04F79EFBC}") = "Shared.Contracts", "Shared.Contracts\Shared.Contracts.csproj", "{3BED9907-9AF6-4C6D-ABDF-B198B0F9862F}"
EndProject
Project("{FAE04EC0-301F-11D3-BF4B-00C04F79EFBC}") = "Shared.Domain", "Shared.Domain\Shared.Domain.csproj", "{58CC1349-26E6-495C-9FEA-B3C502CFC7B5}"
EndProject
Project("{FAE04EC0-301F-11D3-BF4B-00C04F79EFBC}") = "Shared.Configurations", "Shared.Configurations\Shared.Configurations.csproj", "{1C46D49F-B000-4BD2-A5F5-F2108CD76AE8}"
EndProject
Project("{FAE04EC0-301F-11D3-BF4B-00C04F79EFBC}") = "Shared.Persistence", "Shared.Persistence\Shared.Persistence.csproj", "{E6E29805-1E8E-4261-A302-82B2756DD0C8}"
EndProject
Project("{FAE04EC0-301F-11D3-BF4B-00C04F79EFBC}") = "Workspace.Contracts", "Workspace.Contracts\Workspace.Contracts.csproj", "{FBC82DFB-C12A-4C40-A96C-1E47A73F5271}"
EndProject
Project("{FAE04EC0-301F-11D3-BF4B-00C04F79EFBC}") = "Workspace.Controllers", "Workspace.Controllers\Workspace.Controllers.csproj", "{C8D8295E-9785-4CD4-8558-67FC3B084FF8}"
EndProject
Project("{FAE04EC0-301F-11D3-BF4B-00C04F79EFBC}") = "TaskModule.Domain", "TaskModule.Domain\TaskModule.Domain.csproj", "{ACE5DA00-44A3-4912-B8F1-5A45970EF302}"
EndProject
Project("{FAE04EC0-301F-11D3-BF4B-00C04F79EFBC}") = "TaskModule.Application", "TaskModule.Application\TaskModule.Application.csproj", "{600B84B4-5349-4A8F-B761-6D623EA738EC}"
EndProject
Project("{FAE04EC0-301F-11D3-BF4B-00C04F79EFBC}") = "TaskModule.Persistence", "TaskModule.Persistence\TaskModule.Persistence.csproj", "{4A01C633-A1CA-474A-9BCC-DA0EDBF900CF}"
EndProject
Project("{FAE04EC0-301F-11D3-BF4B-00C04F79EFBC}") = "TaskModule.Contracts", "TaskModule.Contracts\TaskModule.Contracts.csproj", "{7341B05D-BCE4-43CC-8A0F-2D7275738866}"
EndProject
Project("{FAE04EC0-301F-11D3-BF4B-00C04F79EFBC}") = "TaskModule.Infrastructure", "TaskModule.Infrastructure\TaskModule.Infrastructure.csproj", "{071E4183-0926-449A-B7F8-825726B5E5E3}"
EndProject
Project("{FAE04EC0-301F-11D3-BF4B-00C04F79EFBC}") = "TaskModule.Controllers", "TaskModule.Controllers\TaskModule.Controllers.csproj", "{74C3B55B-80DE-4D26-9348-529125B9F4B1}"
EndProject
Project("{2150E333-8FDC-42A3-9474-1A3956D46DE8}") = "EventModule", "EventModule", "{5D4CF7E5-4CB6-491B-B4DE-D33ED6B2EA9C}"
EndProject
Project("{FAE04EC0-301F-11D3-BF4B-00C04F79EFBC}") = "Event.Domain", "Event.Domain\Event.Domain.csproj", "{5F5B2195-774E-405B-8FCA-3208D788B946}"
EndProject
Project("{FAE04EC0-301F-11D3-BF4B-00C04F79EFBC}") = "Event.Contracts", "Event.Contracts\Event.Contracts.csproj", "{BCAAB656-C22E-44B4-AB01-108F68032F03}"
EndProject
Project("{FAE04EC0-301F-11D3-BF4B-00C04F79EFBC}") = "Event.Persistence", "Event.Persistence\Event.Persistence.csproj", "{791EED47-7A68-4758-82DA-9027E3E61F82}"
EndProject
Project("{FAE04EC0-301F-11D3-BF4B-00C04F79EFBC}") = "Event.Infrastructure", "Event.Infrastructure\Event.Infrastructure.csproj", "{D366A063-963D-4970-8BFA-79775F30BF5A}"
EndProject
Project("{FAE04EC0-301F-11D3-BF4B-00C04F79EFBC}") = "Event.Application", "Event.Application\Event.Application.csproj", "{F820F0F3-E32B-44B8-A949-070FE50404D9}"
EndProject
Project("{FAE04EC0-301F-11D3-BF4B-00C04F79EFBC}") = "Event.Controllers", "Event.Controllers\Event.Controllers.csproj", "{BE9C319A-832F-41F0-A628-74F7B066FFF2}"
EndProject
Global
	GlobalSection(SolutionConfigurationPlatforms) = preSolution
		Debug|Any CPU = Debug|Any CPU
		Release|Any CPU = Release|Any CPU
	EndGlobalSection
	GlobalSection(ProjectConfigurationPlatforms) = postSolution
		{46D2791E-FB16-459D-B390-D596190B2E08}.Debug|Any CPU.ActiveCfg = Debug|Any CPU
		{46D2791E-FB16-459D-B390-D596190B2E08}.Debug|Any CPU.Build.0 = Debug|Any CPU
		{46D2791E-FB16-459D-B390-D596190B2E08}.Release|Any CPU.ActiveCfg = Release|Any CPU
		{46D2791E-FB16-459D-B390-D596190B2E08}.Release|Any CPU.Build.0 = Release|Any CPU
		{DA4F3337-D5A7-407E-B91E-8EB458218C57}.Debug|Any CPU.ActiveCfg = Debug|Any CPU
		{DA4F3337-D5A7-407E-B91E-8EB458218C57}.Debug|Any CPU.Build.0 = Debug|Any CPU
		{DA4F3337-D5A7-407E-B91E-8EB458218C57}.Release|Any CPU.ActiveCfg = Release|Any CPU
		{DA4F3337-D5A7-407E-B91E-8EB458218C57}.Release|Any CPU.Build.0 = Release|Any CPU
		{AD4E5FA0-2C37-4CF4-9923-349BBA3598CB}.Debug|Any CPU.ActiveCfg = Debug|Any CPU
		{AD4E5FA0-2C37-4CF4-9923-349BBA3598CB}.Debug|Any CPU.Build.0 = Debug|Any CPU
		{AD4E5FA0-2C37-4CF4-9923-349BBA3598CB}.Release|Any CPU.ActiveCfg = Release|Any CPU
		{AD4E5FA0-2C37-4CF4-9923-349BBA3598CB}.Release|Any CPU.Build.0 = Release|Any CPU
		{7B6AD929-D63B-49A2-A161-2BAD3513F7FB}.Debug|Any CPU.ActiveCfg = Debug|Any CPU
		{7B6AD929-D63B-49A2-A161-2BAD3513F7FB}.Debug|Any CPU.Build.0 = Debug|Any CPU
		{7B6AD929-D63B-49A2-A161-2BAD3513F7FB}.Release|Any CPU.ActiveCfg = Release|Any CPU
		{7B6AD929-D63B-49A2-A161-2BAD3513F7FB}.Release|Any CPU.Build.0 = Release|Any CPU
		{7A190D55-CE7B-4E2A-A7B9-4AC1C57D5B37}.Debug|Any CPU.ActiveCfg = Debug|Any CPU
		{7A190D55-CE7B-4E2A-A7B9-4AC1C57D5B37}.Debug|Any CPU.Build.0 = Debug|Any CPU
		{7A190D55-CE7B-4E2A-A7B9-4AC1C57D5B37}.Release|Any CPU.ActiveCfg = Release|Any CPU
		{7A190D55-CE7B-4E2A-A7B9-4AC1C57D5B37}.Release|Any CPU.Build.0 = Release|Any CPU
		{6479AF90-D753-49AE-A694-0F6CF3BA473E}.Debug|Any CPU.ActiveCfg = Debug|Any CPU
		{6479AF90-D753-49AE-A694-0F6CF3BA473E}.Debug|Any CPU.Build.0 = Debug|Any CPU
		{6479AF90-D753-49AE-A694-0F6CF3BA473E}.Release|Any CPU.ActiveCfg = Release|Any CPU
		{6479AF90-D753-49AE-A694-0F6CF3BA473E}.Release|Any CPU.Build.0 = Release|Any CPU
		{CBCDA54A-2B03-49BA-80AD-31DAD0CC5A4E}.Debug|Any CPU.ActiveCfg = Debug|Any CPU
		{CBCDA54A-2B03-49BA-80AD-31DAD0CC5A4E}.Debug|Any CPU.Build.0 = Debug|Any CPU
		{CBCDA54A-2B03-49BA-80AD-31DAD0CC5A4E}.Release|Any CPU.ActiveCfg = Release|Any CPU
		{CBCDA54A-2B03-49BA-80AD-31DAD0CC5A4E}.Release|Any CPU.Build.0 = Release|Any CPU
		{D47C68DB-05F1-46B3-B2D6-62CF57F6CF39}.Debug|Any CPU.ActiveCfg = Debug|Any CPU
		{D47C68DB-05F1-46B3-B2D6-62CF57F6CF39}.Debug|Any CPU.Build.0 = Debug|Any CPU
		{D47C68DB-05F1-46B3-B2D6-62CF57F6CF39}.Release|Any CPU.ActiveCfg = Release|Any CPU
		{D47C68DB-05F1-46B3-B2D6-62CF57F6CF39}.Release|Any CPU.Build.0 = Release|Any CPU
		{5DE2EC47-5ADB-4B07-AC9C-FFD872FEEC9B}.Debug|Any CPU.ActiveCfg = Debug|Any CPU
		{5DE2EC47-5ADB-4B07-AC9C-FFD872FEEC9B}.Debug|Any CPU.Build.0 = Debug|Any CPU
		{5DE2EC47-5ADB-4B07-AC9C-FFD872FEEC9B}.Release|Any CPU.ActiveCfg = Release|Any CPU
		{5DE2EC47-5ADB-4B07-AC9C-FFD872FEEC9B}.Release|Any CPU.Build.0 = Release|Any CPU
		{D8740DA2-0778-4ABA-A95F-AF59B35F7EFF}.Debug|Any CPU.ActiveCfg = Debug|Any CPU
		{D8740DA2-0778-4ABA-A95F-AF59B35F7EFF}.Debug|Any CPU.Build.0 = Debug|Any CPU
		{D8740DA2-0778-4ABA-A95F-AF59B35F7EFF}.Release|Any CPU.ActiveCfg = Release|Any CPU
		{D8740DA2-0778-4ABA-A95F-AF59B35F7EFF}.Release|Any CPU.Build.0 = Release|Any CPU
		{B5C5518F-042B-447C-B231-A1054AC44E7B}.Debug|Any CPU.ActiveCfg = Debug|Any CPU
		{B5C5518F-042B-447C-B231-A1054AC44E7B}.Debug|Any CPU.Build.0 = Debug|Any CPU
		{B5C5518F-042B-447C-B231-A1054AC44E7B}.Release|Any CPU.ActiveCfg = Release|Any CPU
		{B5C5518F-042B-447C-B231-A1054AC44E7B}.Release|Any CPU.Build.0 = Release|Any CPU
		{6BE0244A-E42D-4564-AD25-864E8304E1EB}.Debug|Any CPU.ActiveCfg = Debug|Any CPU
		{6BE0244A-E42D-4564-AD25-864E8304E1EB}.Debug|Any CPU.Build.0 = Debug|Any CPU
		{6BE0244A-E42D-4564-AD25-864E8304E1EB}.Release|Any CPU.ActiveCfg = Release|Any CPU
		{6BE0244A-E42D-4564-AD25-864E8304E1EB}.Release|Any CPU.Build.0 = Release|Any CPU
		{11840256-2D9E-4439-A9B2-84D04A25D4F5}.Debug|Any CPU.ActiveCfg = Debug|Any CPU
		{11840256-2D9E-4439-A9B2-84D04A25D4F5}.Debug|Any CPU.Build.0 = Debug|Any CPU
		{11840256-2D9E-4439-A9B2-84D04A25D4F5}.Release|Any CPU.ActiveCfg = Release|Any CPU
		{11840256-2D9E-4439-A9B2-84D04A25D4F5}.Release|Any CPU.Build.0 = Release|Any CPU
		{B331F8FD-0E37-474F-A11C-0CFDE82D7947}.Debug|Any CPU.ActiveCfg = Debug|Any CPU
		{B331F8FD-0E37-474F-A11C-0CFDE82D7947}.Debug|Any CPU.Build.0 = Debug|Any CPU
		{B331F8FD-0E37-474F-A11C-0CFDE82D7947}.Release|Any CPU.ActiveCfg = Release|Any CPU
		{B331F8FD-0E37-474F-A11C-0CFDE82D7947}.Release|Any CPU.Build.0 = Release|Any CPU
		{8963A8CA-F424-4EF7-BDC5-41B1FFDF5E5D}.Debug|Any CPU.ActiveCfg = Debug|Any CPU
		{8963A8CA-F424-4EF7-BDC5-41B1FFDF5E5D}.Debug|Any CPU.Build.0 = Debug|Any CPU
		{8963A8CA-F424-4EF7-BDC5-41B1FFDF5E5D}.Release|Any CPU.ActiveCfg = Release|Any CPU
		{8963A8CA-F424-4EF7-BDC5-41B1FFDF5E5D}.Release|Any CPU.Build.0 = Release|Any CPU
		{814A65BE-4B70-4C0D-82D4-E6D807688A14}.Debug|Any CPU.ActiveCfg = Debug|Any CPU
		{814A65BE-4B70-4C0D-82D4-E6D807688A14}.Debug|Any CPU.Build.0 = Debug|Any CPU
		{814A65BE-4B70-4C0D-82D4-E6D807688A14}.Release|Any CPU.ActiveCfg = Release|Any CPU
		{814A65BE-4B70-4C0D-82D4-E6D807688A14}.Release|Any CPU.Build.0 = Release|Any CPU
		{F4E1A17F-DBA6-43EC-B49C-2EAE2EF4149E}.Debug|Any CPU.ActiveCfg = Debug|Any CPU
		{F4E1A17F-DBA6-43EC-B49C-2EAE2EF4149E}.Debug|Any CPU.Build.0 = Debug|Any CPU
		{F4E1A17F-DBA6-43EC-B49C-2EAE2EF4149E}.Release|Any CPU.ActiveCfg = Release|Any CPU
		{F4E1A17F-DBA6-43EC-B49C-2EAE2EF4149E}.Release|Any CPU.Build.0 = Release|Any CPU
		{AA7E4153-7F6A-4D6B-9DF4-C8FA4F4B78E1}.Debug|Any CPU.ActiveCfg = Debug|Any CPU
		{AA7E4153-7F6A-4D6B-9DF4-C8FA4F4B78E1}.Debug|Any CPU.Build.0 = Debug|Any CPU
		{AA7E4153-7F6A-4D6B-9DF4-C8FA4F4B78E1}.Release|Any CPU.ActiveCfg = Release|Any CPU
		{AA7E4153-7F6A-4D6B-9DF4-C8FA4F4B78E1}.Release|Any CPU.Build.0 = Release|Any CPU
		{F17EAC15-B0AF-47A9-913E-0C98883E5DA1}.Debug|Any CPU.ActiveCfg = Debug|Any CPU
		{F17EAC15-B0AF-47A9-913E-0C98883E5DA1}.Debug|Any CPU.Build.0 = Debug|Any CPU
		{F17EAC15-B0AF-47A9-913E-0C98883E5DA1}.Release|Any CPU.ActiveCfg = Release|Any CPU
		{F17EAC15-B0AF-47A9-913E-0C98883E5DA1}.Release|Any CPU.Build.0 = Release|Any CPU
		{6F31E2FD-D14F-410B-9D6F-1D9BE98E7962}.Debug|Any CPU.ActiveCfg = Debug|Any CPU
		{6F31E2FD-D14F-410B-9D6F-1D9BE98E7962}.Debug|Any CPU.Build.0 = Debug|Any CPU
		{6F31E2FD-D14F-410B-9D6F-1D9BE98E7962}.Release|Any CPU.ActiveCfg = Release|Any CPU
		{6F31E2FD-D14F-410B-9D6F-1D9BE98E7962}.Release|Any CPU.Build.0 = Release|Any CPU
		{732739E3-A203-4F29-BD92-C351D95E222A}.Debug|Any CPU.ActiveCfg = Debug|Any CPU
		{732739E3-A203-4F29-BD92-C351D95E222A}.Debug|Any CPU.Build.0 = Debug|Any CPU
		{732739E3-A203-4F29-BD92-C351D95E222A}.Release|Any CPU.ActiveCfg = Release|Any CPU
		{732739E3-A203-4F29-BD92-C351D95E222A}.Release|Any CPU.Build.0 = Release|Any CPU
		{651431F8-8865-43E3-B6A1-41012C85017F}.Debug|Any CPU.ActiveCfg = Debug|Any CPU
		{651431F8-8865-43E3-B6A1-41012C85017F}.Debug|Any CPU.Build.0 = Debug|Any CPU
		{651431F8-8865-43E3-B6A1-41012C85017F}.Release|Any CPU.ActiveCfg = Release|Any CPU
		{651431F8-8865-43E3-B6A1-41012C85017F}.Release|Any CPU.Build.0 = Release|Any CPU
		{A36A452A-F2FF-481C-B2AC-A054C961D9DD}.Debug|Any CPU.ActiveCfg = Debug|Any CPU
		{A36A452A-F2FF-481C-B2AC-A054C961D9DD}.Debug|Any CPU.Build.0 = Debug|Any CPU
		{A36A452A-F2FF-481C-B2AC-A054C961D9DD}.Release|Any CPU.ActiveCfg = Release|Any CPU
		{A36A452A-F2FF-481C-B2AC-A054C961D9DD}.Release|Any CPU.Build.0 = Release|Any CPU
		{3AE4F7AF-FD33-4D33-8207-1068E654D98A}.Debug|Any CPU.ActiveCfg = Debug|Any CPU
		{3AE4F7AF-FD33-4D33-8207-1068E654D98A}.Debug|Any CPU.Build.0 = Debug|Any CPU
		{3AE4F7AF-FD33-4D33-8207-1068E654D98A}.Release|Any CPU.ActiveCfg = Release|Any CPU
		{3AE4F7AF-FD33-4D33-8207-1068E654D98A}.Release|Any CPU.Build.0 = Release|Any CPU
		{C4660A76-24AD-4584-85C4-FA7188E02A95}.Debug|Any CPU.ActiveCfg = Debug|Any CPU
		{C4660A76-24AD-4584-85C4-FA7188E02A95}.Debug|Any CPU.Build.0 = Debug|Any CPU
		{C4660A76-24AD-4584-85C4-FA7188E02A95}.Release|Any CPU.ActiveCfg = Release|Any CPU
		{C4660A76-24AD-4584-85C4-FA7188E02A95}.Release|Any CPU.Build.0 = Release|Any CPU
		{AF1AAD6E-E52A-4757-8BFE-96C195CE9E3D}.Debug|Any CPU.ActiveCfg = Debug|Any CPU
		{AF1AAD6E-E52A-4757-8BFE-96C195CE9E3D}.Debug|Any CPU.Build.0 = Debug|Any CPU
		{AF1AAD6E-E52A-4757-8BFE-96C195CE9E3D}.Release|Any CPU.ActiveCfg = Release|Any CPU
		{AF1AAD6E-E52A-4757-8BFE-96C195CE9E3D}.Release|Any CPU.Build.0 = Release|Any CPU
		{137F5CBE-F477-4F7A-AD8E-1BC717548719}.Debug|Any CPU.ActiveCfg = Debug|Any CPU
		{137F5CBE-F477-4F7A-AD8E-1BC717548719}.Debug|Any CPU.Build.0 = Debug|Any CPU
		{137F5CBE-F477-4F7A-AD8E-1BC717548719}.Release|Any CPU.ActiveCfg = Release|Any CPU
		{137F5CBE-F477-4F7A-AD8E-1BC717548719}.Release|Any CPU.Build.0 = Release|Any CPU
		{6FBA52DA-ACC0-45ED-95E4-A19CD4F963FC}.Debug|Any CPU.ActiveCfg = Debug|Any CPU
		{6FBA52DA-ACC0-45ED-95E4-A19CD4F963FC}.Debug|Any CPU.Build.0 = Debug|Any CPU
		{6FBA52DA-ACC0-45ED-95E4-A19CD4F963FC}.Release|Any CPU.ActiveCfg = Release|Any CPU
		{6FBA52DA-ACC0-45ED-95E4-A19CD4F963FC}.Release|Any CPU.Build.0 = Release|Any CPU
		{FCA67586-64B4-4CB5-AC6A-F793BA447BEC}.Debug|Any CPU.ActiveCfg = Debug|Any CPU
		{FCA67586-64B4-4CB5-AC6A-F793BA447BEC}.Debug|Any CPU.Build.0 = Debug|Any CPU
		{FCA67586-64B4-4CB5-AC6A-F793BA447BEC}.Release|Any CPU.ActiveCfg = Release|Any CPU
		{FCA67586-64B4-4CB5-AC6A-F793BA447BEC}.Release|Any CPU.Build.0 = Release|Any CPU
		{3BED9907-9AF6-4C6D-ABDF-B198B0F9862F}.Debug|Any CPU.ActiveCfg = Debug|Any CPU
		{3BED9907-9AF6-4C6D-ABDF-B198B0F9862F}.Debug|Any CPU.Build.0 = Debug|Any CPU
		{3BED9907-9AF6-4C6D-ABDF-B198B0F9862F}.Release|Any CPU.ActiveCfg = Release|Any CPU
		{3BED9907-9AF6-4C6D-ABDF-B198B0F9862F}.Release|Any CPU.Build.0 = Release|Any CPU
		{58CC1349-26E6-495C-9FEA-B3C502CFC7B5}.Debug|Any CPU.ActiveCfg = Debug|Any CPU
		{58CC1349-26E6-495C-9FEA-B3C502CFC7B5}.Debug|Any CPU.Build.0 = Debug|Any CPU
		{58CC1349-26E6-495C-9FEA-B3C502CFC7B5}.Release|Any CPU.ActiveCfg = Release|Any CPU
		{58CC1349-26E6-495C-9FEA-B3C502CFC7B5}.Release|Any CPU.Build.0 = Release|Any CPU
		{1C46D49F-B000-4BD2-A5F5-F2108CD76AE8}.Debug|Any CPU.ActiveCfg = Debug|Any CPU
		{1C46D49F-B000-4BD2-A5F5-F2108CD76AE8}.Debug|Any CPU.Build.0 = Debug|Any CPU
		{1C46D49F-B000-4BD2-A5F5-F2108CD76AE8}.Release|Any CPU.ActiveCfg = Release|Any CPU
		{1C46D49F-B000-4BD2-A5F5-F2108CD76AE8}.Release|Any CPU.Build.0 = Release|Any CPU
		{E6E29805-1E8E-4261-A302-82B2756DD0C8}.Debug|Any CPU.ActiveCfg = Debug|Any CPU
		{E6E29805-1E8E-4261-A302-82B2756DD0C8}.Debug|Any CPU.Build.0 = Debug|Any CPU
		{E6E29805-1E8E-4261-A302-82B2756DD0C8}.Release|Any CPU.ActiveCfg = Release|Any CPU
		{E6E29805-1E8E-4261-A302-82B2756DD0C8}.Release|Any CPU.Build.0 = Release|Any CPU
		{FBC82DFB-C12A-4C40-A96C-1E47A73F5271}.Debug|Any CPU.ActiveCfg = Debug|Any CPU
		{FBC82DFB-C12A-4C40-A96C-1E47A73F5271}.Debug|Any CPU.Build.0 = Debug|Any CPU
		{FBC82DFB-C12A-4C40-A96C-1E47A73F5271}.Release|Any CPU.ActiveCfg = Release|Any CPU
		{FBC82DFB-C12A-4C40-A96C-1E47A73F5271}.Release|Any CPU.Build.0 = Release|Any CPU
		{C8D8295E-9785-4CD4-8558-67FC3B084FF8}.Debug|Any CPU.ActiveCfg = Debug|Any CPU
		{C8D8295E-9785-4CD4-8558-67FC3B084FF8}.Debug|Any CPU.Build.0 = Debug|Any CPU
		{C8D8295E-9785-4CD4-8558-67FC3B084FF8}.Release|Any CPU.ActiveCfg = Release|Any CPU
		{C8D8295E-9785-4CD4-8558-67FC3B084FF8}.Release|Any CPU.Build.0 = Release|Any CPU
		{ACE5DA00-44A3-4912-B8F1-5A45970EF302}.Debug|Any CPU.ActiveCfg = Debug|Any CPU
		{ACE5DA00-44A3-4912-B8F1-5A45970EF302}.Debug|Any CPU.Build.0 = Debug|Any CPU
		{ACE5DA00-44A3-4912-B8F1-5A45970EF302}.Release|Any CPU.ActiveCfg = Release|Any CPU
		{ACE5DA00-44A3-4912-B8F1-5A45970EF302}.Release|Any CPU.Build.0 = Release|Any CPU
		{600B84B4-5349-4A8F-B761-6D623EA738EC}.Debug|Any CPU.ActiveCfg = Debug|Any CPU
		{600B84B4-5349-4A8F-B761-6D623EA738EC}.Debug|Any CPU.Build.0 = Debug|Any CPU
		{600B84B4-5349-4A8F-B761-6D623EA738EC}.Release|Any CPU.ActiveCfg = Release|Any CPU
		{600B84B4-5349-4A8F-B761-6D623EA738EC}.Release|Any CPU.Build.0 = Release|Any CPU
		{4A01C633-A1CA-474A-9BCC-DA0EDBF900CF}.Debug|Any CPU.ActiveCfg = Debug|Any CPU
		{4A01C633-A1CA-474A-9BCC-DA0EDBF900CF}.Debug|Any CPU.Build.0 = Debug|Any CPU
		{4A01C633-A1CA-474A-9BCC-DA0EDBF900CF}.Release|Any CPU.ActiveCfg = Release|Any CPU
		{4A01C633-A1CA-474A-9BCC-DA0EDBF900CF}.Release|Any CPU.Build.0 = Release|Any CPU
		{7341B05D-BCE4-43CC-8A0F-2D7275738866}.Debug|Any CPU.ActiveCfg = Debug|Any CPU
		{7341B05D-BCE4-43CC-8A0F-2D7275738866}.Debug|Any CPU.Build.0 = Debug|Any CPU
		{7341B05D-BCE4-43CC-8A0F-2D7275738866}.Release|Any CPU.ActiveCfg = Release|Any CPU
		{7341B05D-BCE4-43CC-8A0F-2D7275738866}.Release|Any CPU.Build.0 = Release|Any CPU
		{071E4183-0926-449A-B7F8-825726B5E5E3}.Debug|Any CPU.ActiveCfg = Debug|Any CPU
		{071E4183-0926-449A-B7F8-825726B5E5E3}.Debug|Any CPU.Build.0 = Debug|Any CPU
		{071E4183-0926-449A-B7F8-825726B5E5E3}.Release|Any CPU.ActiveCfg = Release|Any CPU
		{071E4183-0926-449A-B7F8-825726B5E5E3}.Release|Any CPU.Build.0 = Release|Any CPU
		{74C3B55B-80DE-4D26-9348-529125B9F4B1}.Debug|Any CPU.ActiveCfg = Debug|Any CPU
		{74C3B55B-80DE-4D26-9348-529125B9F4B1}.Debug|Any CPU.Build.0 = Debug|Any CPU
		{74C3B55B-80DE-4D26-9348-529125B9F4B1}.Release|Any CPU.ActiveCfg = Release|Any CPU
		{74C3B55B-80DE-4D26-9348-529125B9F4B1}.Release|Any CPU.Build.0 = Release|Any CPU
		{5F5B2195-774E-405B-8FCA-3208D788B946}.Debug|Any CPU.ActiveCfg = Debug|Any CPU
		{5F5B2195-774E-405B-8FCA-3208D788B946}.Debug|Any CPU.Build.0 = Debug|Any CPU
		{5F5B2195-774E-405B-8FCA-3208D788B946}.Release|Any CPU.ActiveCfg = Release|Any CPU
		{5F5B2195-774E-405B-8FCA-3208D788B946}.Release|Any CPU.Build.0 = Release|Any CPU
		{BCAAB656-C22E-44B4-AB01-108F68032F03}.Debug|Any CPU.ActiveCfg = Debug|Any CPU
		{BCAAB656-C22E-44B4-AB01-108F68032F03}.Debug|Any CPU.Build.0 = Debug|Any CPU
		{BCAAB656-C22E-44B4-AB01-108F68032F03}.Release|Any CPU.ActiveCfg = Release|Any CPU
		{BCAAB656-C22E-44B4-AB01-108F68032F03}.Release|Any CPU.Build.0 = Release|Any CPU
		{791EED47-7A68-4758-82DA-9027E3E61F82}.Debug|Any CPU.ActiveCfg = Debug|Any CPU
		{791EED47-7A68-4758-82DA-9027E3E61F82}.Debug|Any CPU.Build.0 = Debug|Any CPU
		{791EED47-7A68-4758-82DA-9027E3E61F82}.Release|Any CPU.ActiveCfg = Release|Any CPU
		{791EED47-7A68-4758-82DA-9027E3E61F82}.Release|Any CPU.Build.0 = Release|Any CPU
		{D366A063-963D-4970-8BFA-79775F30BF5A}.Debug|Any CPU.ActiveCfg = Debug|Any CPU
		{D366A063-963D-4970-8BFA-79775F30BF5A}.Debug|Any CPU.Build.0 = Debug|Any CPU
		{D366A063-963D-4970-8BFA-79775F30BF5A}.Release|Any CPU.ActiveCfg = Release|Any CPU
		{D366A063-963D-4970-8BFA-79775F30BF5A}.Release|Any CPU.Build.0 = Release|Any CPU
		{F820F0F3-E32B-44B8-A949-070FE50404D9}.Debug|Any CPU.ActiveCfg = Debug|Any CPU
		{F820F0F3-E32B-44B8-A949-070FE50404D9}.Debug|Any CPU.Build.0 = Debug|Any CPU
		{F820F0F3-E32B-44B8-A949-070FE50404D9}.Release|Any CPU.ActiveCfg = Release|Any CPU
		{F820F0F3-E32B-44B8-A949-070FE50404D9}.Release|Any CPU.Build.0 = Release|Any CPU
		{BE9C319A-832F-41F0-A628-74F7B066FFF2}.Debug|Any CPU.ActiveCfg = Debug|Any CPU
		{BE9C319A-832F-41F0-A628-74F7B066FFF2}.Debug|Any CPU.Build.0 = Debug|Any CPU
		{BE9C319A-832F-41F0-A628-74F7B066FFF2}.Release|Any CPU.ActiveCfg = Release|Any CPU
		{BE9C319A-832F-41F0-A628-74F7B066FFF2}.Release|Any CPU.Build.0 = Release|Any CPU
	EndGlobalSection
	GlobalSection(NestedProjects) = preSolution
		{7BA0540E-0B79-418C-9EE9-8C40A7A837E2} = {3564D285-9E3B-4986-9F64-13EC220ECAAF}
		{D763A55A-448D-4E9D-ADD2-9BB37CE15CB1} = {3564D285-9E3B-4986-9F64-13EC220ECAAF}
		{761A1B20-5A1E-4F54-B552-B352014A8A9E} = {3564D285-9E3B-4986-9F64-13EC220ECAAF}
		{2CF8CDE3-213C-4BA0-A501-8F286F81BE02} = {3564D285-9E3B-4986-9F64-13EC220ECAAF}
		{D115A6B7-6399-49C3-B271-95FFE8D14B93} = {3564D285-9E3B-4986-9F64-13EC220ECAAF}
		{B4A3E744-5264-403E-88AE-CF6FC252734C} = {3564D285-9E3B-4986-9F64-13EC220ECAAF}
		{277F0494-B8AE-444B-BE9B-A8A463DC52B9} = {3564D285-9E3B-4986-9F64-13EC220ECAAF}
		{C910F767-2DF6-4880-927A-B537ED45E5A6} = {3564D285-9E3B-4986-9F64-13EC220ECAAF}
		{F4E1A17F-DBA6-43EC-B49C-2EAE2EF4149E} = {D763A55A-448D-4E9D-ADD2-9BB37CE15CB1}
		{AA7E4153-7F6A-4D6B-9DF4-C8FA4F4B78E1} = {D763A55A-448D-4E9D-ADD2-9BB37CE15CB1}
		{F17EAC15-B0AF-47A9-913E-0C98883E5DA1} = {D763A55A-448D-4E9D-ADD2-9BB37CE15CB1}
		{6F31E2FD-D14F-410B-9D6F-1D9BE98E7962} = {D763A55A-448D-4E9D-ADD2-9BB37CE15CB1}
		{814A65BE-4B70-4C0D-82D4-E6D807688A14} = {761A1B20-5A1E-4F54-B552-B352014A8A9E}
		{11840256-2D9E-4439-A9B2-84D04A25D4F5} = {761A1B20-5A1E-4F54-B552-B352014A8A9E}
		{8963A8CA-F424-4EF7-BDC5-41B1FFDF5E5D} = {761A1B20-5A1E-4F54-B552-B352014A8A9E}
		{B331F8FD-0E37-474F-A11C-0CFDE82D7947} = {761A1B20-5A1E-4F54-B552-B352014A8A9E}
		{6BE0244A-E42D-4564-AD25-864E8304E1EB} = {D115A6B7-6399-49C3-B271-95FFE8D14B93}
		{5DE2EC47-5ADB-4B07-AC9C-FFD872FEEC9B} = {D115A6B7-6399-49C3-B271-95FFE8D14B93}
		{B5C5518F-042B-447C-B231-A1054AC44E7B} = {D115A6B7-6399-49C3-B271-95FFE8D14B93}
		{D8740DA2-0778-4ABA-A95F-AF59B35F7EFF} = {D115A6B7-6399-49C3-B271-95FFE8D14B93}
		{7B6AD929-D63B-49A2-A161-2BAD3513F7FB} = {7BA0540E-0B79-418C-9EE9-8C40A7A837E2}
		{46D2791E-FB16-459D-B390-D596190B2E08} = {7BA0540E-0B79-418C-9EE9-8C40A7A837E2}
		{AD4E5FA0-2C37-4CF4-9923-349BBA3598CB} = {7BA0540E-0B79-418C-9EE9-8C40A7A837E2}
		{DA4F3337-D5A7-407E-B91E-8EB458218C57} = {7BA0540E-0B79-418C-9EE9-8C40A7A837E2}
		{CBCDA54A-2B03-49BA-80AD-31DAD0CC5A4E} = {B4A3E744-5264-403E-88AE-CF6FC252734C}
		{6479AF90-D753-49AE-A694-0F6CF3BA473E} = {B4A3E744-5264-403E-88AE-CF6FC252734C}
		{D47C68DB-05F1-46B3-B2D6-62CF57F6CF39} = {B4A3E744-5264-403E-88AE-CF6FC252734C}
		{7A190D55-CE7B-4E2A-A7B9-4AC1C57D5B37} = {B4A3E744-5264-403E-88AE-CF6FC252734C}
		{732739E3-A203-4F29-BD92-C351D95E222A} = {7BA0540E-0B79-418C-9EE9-8C40A7A837E2}
		{651431F8-8865-43E3-B6A1-41012C85017F} = {7BA0540E-0B79-418C-9EE9-8C40A7A837E2}
		{A36A452A-F2FF-481C-B2AC-A054C961D9DD} = {D763A55A-448D-4E9D-ADD2-9BB37CE15CB1}
		{3AE4F7AF-FD33-4D33-8207-1068E654D98A} = {D763A55A-448D-4E9D-ADD2-9BB37CE15CB1}
		{C4660A76-24AD-4584-85C4-FA7188E02A95} = {D115A6B7-6399-49C3-B271-95FFE8D14B93}
		{AF1AAD6E-E52A-4757-8BFE-96C195CE9E3D} = {D115A6B7-6399-49C3-B271-95FFE8D14B93}
		{137F5CBE-F477-4F7A-AD8E-1BC717548719} = {761A1B20-5A1E-4F54-B552-B352014A8A9E}
		{6FBA52DA-ACC0-45ED-95E4-A19CD4F963FC} = {761A1B20-5A1E-4F54-B552-B352014A8A9E}
		{3BED9907-9AF6-4C6D-ABDF-B198B0F9862F} = {3D5EDEE8-B2EB-461A-AB38-0C6D26D9EAB5}
		{58CC1349-26E6-495C-9FEA-B3C502CFC7B5} = {3D5EDEE8-B2EB-461A-AB38-0C6D26D9EAB5}
		{1C46D49F-B000-4BD2-A5F5-F2108CD76AE8} = {3D5EDEE8-B2EB-461A-AB38-0C6D26D9EAB5}
		{E6E29805-1E8E-4261-A302-82B2756DD0C8} = {3D5EDEE8-B2EB-461A-AB38-0C6D26D9EAB5}
		{FBC82DFB-C12A-4C40-A96C-1E47A73F5271} = {B4A3E744-5264-403E-88AE-CF6FC252734C}
		{C8D8295E-9785-4CD4-8558-67FC3B084FF8} = {B4A3E744-5264-403E-88AE-CF6FC252734C}
		{ACE5DA00-44A3-4912-B8F1-5A45970EF302} = {2CF8CDE3-213C-4BA0-A501-8F286F81BE02}
		{600B84B4-5349-4A8F-B761-6D623EA738EC} = {2CF8CDE3-213C-4BA0-A501-8F286F81BE02}
		{4A01C633-A1CA-474A-9BCC-DA0EDBF900CF} = {2CF8CDE3-213C-4BA0-A501-8F286F81BE02}
		{7341B05D-BCE4-43CC-8A0F-2D7275738866} = {2CF8CDE3-213C-4BA0-A501-8F286F81BE02}
		{071E4183-0926-449A-B7F8-825726B5E5E3} = {2CF8CDE3-213C-4BA0-A501-8F286F81BE02}
		{74C3B55B-80DE-4D26-9348-529125B9F4B1} = {2CF8CDE3-213C-4BA0-A501-8F286F81BE02}
		{5D4CF7E5-4CB6-491B-B4DE-D33ED6B2EA9C} = {3564D285-9E3B-4986-9F64-13EC220ECAAF}
		{5F5B2195-774E-405B-8FCA-3208D788B946} = {5D4CF7E5-4CB6-491B-B4DE-D33ED6B2EA9C}
		{BCAAB656-C22E-44B4-AB01-108F68032F03} = {5D4CF7E5-4CB6-491B-B4DE-D33ED6B2EA9C}
		{791EED47-7A68-4758-82DA-9027E3E61F82} = {5D4CF7E5-4CB6-491B-B4DE-D33ED6B2EA9C}
		{D366A063-963D-4970-8BFA-79775F30BF5A} = {5D4CF7E5-4CB6-491B-B4DE-D33ED6B2EA9C}
		{F820F0F3-E32B-44B8-A949-070FE50404D9} = {5D4CF7E5-4CB6-491B-B4DE-D33ED6B2EA9C}
		{BE9C319A-832F-41F0-A628-74F7B066FFF2} = {5D4CF7E5-4CB6-491B-B4DE-D33ED6B2EA9C}
	EndGlobalSection
EndGlobal
